# THIS IS AN AUTOGENERATED FILE. DO NOT EDIT THIS FILE DIRECTLY.
# yarn lockfile v1


"@cfworker/json-schema@^4.0.2":
  version "4.1.1"
  resolved "https://registry.npmmirror.com/@cfworker/json-schema/-/json-schema-4.1.1.tgz"
  integrity sha512-gAmrUZSGtKc3AiBL71iNWxDsyUC5uMaKKGdvzYsBoTW/xi42JQHl7eKV2OYzCUqvc+D2RCcf7EXY2iCyFIk6og==

"@eslint-community/eslint-utils@^4.2.0":
  version "4.7.0"
  resolved "https://registry.npmmirror.com/@eslint-community/eslint-utils/-/eslint-utils-4.7.0.tgz"
  dependencies:
    eslint-visitor-keys "^3.4.3"

"@eslint-community/regexpp@^4.12.1":
  version "4.12.1"
  resolved "https://registry.npmmirror.com/@eslint-community/regexpp/-/regexpp-4.12.1.tgz"

"@eslint/config-array@^0.20.0":
  version "0.20.0"
  resolved "https://registry.npmmirror.com/@eslint/config-array/-/config-array-0.20.0.tgz"
  dependencies:
    "@eslint/object-schema" "^2.1.6"
    debug "^4.3.1"
    minimatch "^3.1.2"

"@eslint/config-helpers@^0.2.1":
  version "0.2.2"
  resolved "https://registry.npmmirror.com/@eslint/config-helpers/-/config-helpers-0.2.2.tgz"

"@eslint/core@^0.12.0":
  version "0.12.0"
  resolved "https://registry.npmmirror.com/@eslint/core/-/core-0.12.0.tgz"
  dependencies:
    "@types/json-schema" "^7.0.15"

"@eslint/core@^0.13.0":
  version "0.13.0"
  resolved "https://registry.npmmirror.com/@eslint/core/-/core-0.13.0.tgz"
  dependencies:
    "@types/json-schema" "^7.0.15"

"@eslint/core@^0.14.0":
  version "0.14.0"
  resolved "https://registry.npmmirror.com/@eslint/core/-/core-0.14.0.tgz"
  dependencies:
    "@types/json-schema" "^7.0.15"

"@eslint/css-tree@^3.3.3":
  version "3.6.1"
  resolved "https://registry.npmmirror.com/@eslint/css-tree/-/css-tree-3.6.1.tgz"
  dependencies:
    mdn-data "2.21.0"
    source-map-js "^1.0.1"

"@eslint/css@^0.8.1":
  version "0.8.1"
  resolved "https://registry.npmmirror.com/@eslint/css/-/css-0.8.1.tgz"
  dependencies:
    "@eslint/core" "^0.14.0"
    "@eslint/css-tree" "^3.3.3"
    "@eslint/plugin-kit" "^0.3.1"

"@eslint/eslintrc@^3.3.1":
  version "3.3.1"
  resolved "https://registry.npmmirror.com/@eslint/eslintrc/-/eslintrc-3.3.1.tgz"
  dependencies:
    ajv "^6.12.4"
    debug "^4.3.2"
    espree "^10.0.1"
    globals "^14.0.0"
    ignore "^5.2.0"
    import-fresh "^3.2.1"
    js-yaml "^4.1.0"
    minimatch "^3.1.2"
    strip-json-comments "^3.1.1"

"@eslint/js@^9.28.0", "@eslint/js@9.28.0":
  version "9.28.0"
  resolved "https://registry.npmmirror.com/@eslint/js/-/js-9.28.0.tgz"

"@eslint/json@^0.12.0":
  version "0.12.0"
  resolved "https://registry.npmmirror.com/@eslint/json/-/json-0.12.0.tgz"
  dependencies:
    "@eslint/core" "^0.12.0"
    "@eslint/plugin-kit" "^0.2.7"
    "@humanwhocodes/momoa" "^3.3.4"
    natural-compare "^1.4.0"

"@eslint/markdown@^6.5.0":
  version "6.5.0"
  resolved "https://registry.npmmirror.com/@eslint/markdown/-/markdown-6.5.0.tgz"
  dependencies:
    "@eslint/core" "^0.14.0"
    "@eslint/plugin-kit" "^0.3.1"
    mdast-util-from-markdown "^2.0.2"
    mdast-util-frontmatter "^2.0.1"
    mdast-util-gfm "^3.0.0"
    micromark-extension-frontmatter "^2.0.0"
    micromark-extension-gfm "^3.0.0"

"@eslint/object-schema@^2.1.6":
  version "2.1.6"
  resolved "https://registry.npmmirror.com/@eslint/object-schema/-/object-schema-2.1.6.tgz"

"@eslint/plugin-kit@^0.2.7":
  version "0.2.8"
  resolved "https://registry.npmmirror.com/@eslint/plugin-kit/-/plugin-kit-0.2.8.tgz"
  dependencies:
    "@eslint/core" "^0.13.0"
    levn "^0.4.1"

"@eslint/plugin-kit@^0.3.1":
  version "0.3.1"
  resolved "https://registry.npmmirror.com/@eslint/plugin-kit/-/plugin-kit-0.3.1.tgz"
  dependencies:
    "@eslint/core" "^0.14.0"
    levn "^0.4.1"

"@humanfs/core@^0.19.1":
  version "0.19.1"
  resolved "https://registry.npmmirror.com/@humanfs/core/-/core-0.19.1.tgz"

"@humanfs/node@^0.16.6":
  version "0.16.6"
  resolved "https://registry.npmmirror.com/@humanfs/node/-/node-0.16.6.tgz"
  dependencies:
    "@humanfs/core" "^0.19.1"
    "@humanwhocodes/retry" "^0.3.0"

"@humanwhocodes/module-importer@^1.0.1":
  version "1.0.1"
  resolved "https://registry.npmmirror.com/@humanwhocodes/module-importer/-/module-importer-1.0.1.tgz"

"@humanwhocodes/momoa@^3.3.4":
  version "3.3.8"
  resolved "https://registry.npmmirror.com/@humanwhocodes/momoa/-/momoa-3.3.8.tgz"

"@humanwhocodes/retry@^0.3.0":
  version "0.3.1"
  resolved "https://registry.npmmirror.com/@humanwhocodes/retry/-/retry-0.3.1.tgz"

"@humanwhocodes/retry@^0.4.2":
  version "0.4.3"
  resolved "https://registry.npmmirror.com/@humanwhocodes/retry/-/retry-0.4.3.tgz"

"@langchain/core@>=0.2.21 <0.4.0", "@langchain/core@>=0.2.31 <0.4.0", "@langchain/core@>=0.2.36 <0.3.0 || >=0.3.40 < 0.4.0", "@langchain/core@>=0.3.48 <0.4.0":
  version "0.3.62"
  resolved "https://registry.npmmirror.com/@langchain/core/-/core-0.3.62.tgz"
  integrity sha512-GqRTcoUPnozGRMUcA6QkP7LHL/OvanGdB51Jgb0w7IIPDI3wFugxMHZ4gphnGDtxsD1tQY5ykyEpYNxFK8kl1w==
  dependencies:
    "@cfworker/json-schema" "^4.0.2"
    ansi-styles "^5.0.0"
    camelcase "6"
    decamelize "1.2.0"
    js-tiktoken "^1.0.12"
    langsmith "^0.3.33"
    mustache "^4.2.0"
    p-queue "^6.6.2"
    p-retry "4"
    uuid "^10.0.0"
    zod "^3.25.32"
    zod-to-json-schema "^3.22.3"

"@langchain/langgraph-checkpoint@~0.0.18":
  version "0.0.18"
  resolved "https://registry.npmmirror.com/@langchain/langgraph-checkpoint/-/langgraph-checkpoint-0.0.18.tgz"
  dependencies:
    uuid "^10.0.0"

"@langchain/langgraph-sdk@~0.0.32":
  version "0.0.84"
  resolved "https://registry.npmmirror.com/@langchain/langgraph-sdk/-/langgraph-sdk-0.0.84.tgz"
  dependencies:
    "@types/json-schema" "^7.0.15"
    p-queue "^6.6.2"
    p-retry "4"
    uuid "^9.0.0"

"@langchain/langgraph@^0.3.1":
  version "0.3.1"
  resolved "https://registry.npmmirror.com/@langchain/langgraph/-/langgraph-0.3.1.tgz"
  dependencies:
    "@langchain/langgraph-checkpoint" "~0.0.18"
    "@langchain/langgraph-sdk" "~0.0.32"
    uuid "^10.0.0"
    zod "^3.23.8"

"@langchain/openai@>=0.1.0 <0.6.0":
  version "0.5.12"
  resolved "https://registry.npmmirror.com/@langchain/openai/-/openai-0.5.12.tgz"
  dependencies:
    js-tiktoken "^1.0.12"
    openai "^4.96.0"
    zod "^3.22.4"
    zod-to-json-schema "^3.22.3"

"@langchain/textsplitters@>=0.0.0 <0.2.0":
  version "0.1.0"
  resolved "https://registry.npmmirror.com/@langchain/textsplitters/-/textsplitters-0.1.0.tgz"
  dependencies:
    js-tiktoken "^1.0.12"

"@types/debug@^4.0.0":
  version "4.1.12"
  resolved "https://registry.npmmirror.com/@types/debug/-/debug-4.1.12.tgz"
  dependencies:
    "@types/ms" "*"

"@types/estree@^1.0.6":
  version "1.0.8"
  resolved "https://registry.npmmirror.com/@types/estree/-/estree-1.0.8.tgz"

"@types/json-schema@^7.0.15":
  version "7.0.15"
  resolved "https://registry.npmmirror.com/@types/json-schema/-/json-schema-7.0.15.tgz"

"@types/mdast@^4.0.0":
  version "4.0.4"
  resolved "https://registry.npmmirror.com/@types/mdast/-/mdast-4.0.4.tgz"
  dependencies:
    "@types/unist" "*"

"@types/ms@*":
  version "2.1.0"
  resolved "https://registry.npmmirror.com/@types/ms/-/ms-2.1.0.tgz"

"@types/node-fetch@^2.6.4":
  version "2.6.12"
  resolved "https://registry.npmmirror.com/@types/node-fetch/-/node-fetch-2.6.12.tgz"
  dependencies:
    "@types/node" "*"
    form-data "^4.0.0"

"@types/node@*":
  version "24.0.1"
  resolved "https://registry.npmmirror.com/@types/node/-/node-24.0.1.tgz"
  dependencies:
    undici-types "~7.8.0"

"@types/node@^18.11.18":
  version "18.19.111"
  resolved "https://registry.npmmirror.com/@types/node/-/node-18.19.111.tgz"
  dependencies:
    undici-types "~5.26.4"

"@types/retry@0.12.0":
  version "0.12.0"
  resolved "https://registry.npmmirror.com/@types/retry/-/retry-0.12.0.tgz"

"@types/unist@*", "@types/unist@^3.0.0":
  version "3.0.3"
  resolved "https://registry.npmmirror.com/@types/unist/-/unist-3.0.3.tgz"

"@types/uuid@^10.0.0":
  version "10.0.0"
  resolved "https://registry.npmmirror.com/@types/uuid/-/uuid-10.0.0.tgz"

abort-controller@^3.0.0:
  version "3.0.0"
  resolved "https://registry.npmmirror.com/abort-controller/-/abort-controller-3.0.0.tgz"
  dependencies:
    event-target-shim "^5.0.0"

acorn-jsx@^5.3.2:
  version "5.3.2"
  resolved "https://registry.npmmirror.com/acorn-jsx/-/acorn-jsx-5.3.2.tgz"

"acorn@^6.0.0 || ^7.0.0 || ^8.0.0", acorn@^8.15.0:
  version "8.15.0"
  resolved "https://registry.npmmirror.com/acorn/-/acorn-8.15.0.tgz"

agentkeepalive@^4.2.1:
  version "4.6.0"
  resolved "https://registry.npmmirror.com/agentkeepalive/-/agentkeepalive-4.6.0.tgz"
  dependencies:
    humanize-ms "^1.2.1"

ajv@^6.12.4:
  version "6.12.6"
  resolved "https://registry.npmmirror.com/ajv/-/ajv-6.12.6.tgz"
  dependencies:
    fast-deep-equal "^3.1.1"
    fast-json-stable-stringify "^2.0.0"
    json-schema-traverse "^0.4.1"
    uri-js "^4.2.2"

ansi-styles@^4.1.0:
  version "4.3.0"
  resolved "https://registry.npmmirror.com/ansi-styles/-/ansi-styles-4.3.0.tgz"
  dependencies:
    color-convert "^2.0.1"

ansi-styles@^5.0.0:
  version "5.2.0"
  resolved "https://registry.npmmirror.com/ansi-styles/-/ansi-styles-5.2.0.tgz"
  integrity sha512-Cxwpt2SfTzTtXcfOlzGEee8O+c+MmUgGrNiBcXnuWxuFJHe6a5Hz7qwhwe5OgaSYI0IJvkLqWX1ASG+cJOkEiA==

argparse@^2.0.1:
  version "2.0.1"
  resolved "https://registry.npmmirror.com/argparse/-/argparse-2.0.1.tgz"

asynckit@^0.4.0:
  version "0.4.0"
  resolved "https://registry.npmmirror.com/asynckit/-/asynckit-0.4.0.tgz"

balanced-match@^1.0.0:
  version "1.0.2"
  resolved "https://registry.npmmirror.com/balanced-match/-/balanced-match-1.0.2.tgz"

base64-js@^1.5.1:
  version "1.5.1"
  resolved "https://registry.npmmirror.com/base64-js/-/base64-js-1.5.1.tgz"

brace-expansion@^1.1.7:
  version "1.1.12"
  resolved "https://registry.npmmirror.com/brace-expansion/-/brace-expansion-1.1.12.tgz"
  dependencies:
    balanced-match "^1.0.0"
    concat-map "0.0.1"

call-bind-apply-helpers@^1.0.1, call-bind-apply-helpers@^1.0.2:
  version "1.0.2"
  resolved "https://registry.npmmirror.com/call-bind-apply-helpers/-/call-bind-apply-helpers-1.0.2.tgz"
  dependencies:
    es-errors "^1.3.0"
    function-bind "^1.1.2"

callsites@^3.0.0:
  version "3.1.0"
  resolved "https://registry.npmmirror.com/callsites/-/callsites-3.1.0.tgz"

camelcase@6:
  version "6.3.0"
  resolved "https://registry.npmmirror.com/camelcase/-/camelcase-6.3.0.tgz"
  integrity sha512-Gmy6FhYlCY7uOElZUSbxo2UCDH8owEk996gkbrpsgGtrJLM3J7jGxl9Ic7Qwwj4ivOE5AWZWRMecDdF7hqGjFA==

ccount@^2.0.0:
  version "2.0.1"
  resolved "https://registry.npmmirror.com/ccount/-/ccount-2.0.1.tgz"

chalk@^4.0.0, chalk@^4.1.2:
  version "4.1.2"
  resolved "https://registry.npmmirror.com/chalk/-/chalk-4.1.2.tgz"
  dependencies:
    ansi-styles "^4.1.0"
    supports-color "^7.1.0"

character-entities@^2.0.0:
  version "2.0.2"
  resolved "https://registry.npmmirror.com/character-entities/-/character-entities-2.0.2.tgz"

color-convert@^2.0.1:
  version "2.0.1"
  resolved "https://registry.npmmirror.com/color-convert/-/color-convert-2.0.1.tgz"
  dependencies:
    color-name "~1.1.4"

color-name@~1.1.4:
  version "1.1.4"
  resolved "https://registry.npmmirror.com/color-name/-/color-name-1.1.4.tgz"

combined-stream@^1.0.8:
  version "1.0.8"
  resolved "https://registry.npmmirror.com/combined-stream/-/combined-stream-1.0.8.tgz"
  dependencies:
    delayed-stream "~1.0.0"

concat-map@0.0.1:
  version "0.0.1"
  resolved "https://registry.npmmirror.com/concat-map/-/concat-map-0.0.1.tgz"

console-table-printer@^2.12.1:
  version "2.14.3"
  resolved "https://registry.npmmirror.com/console-table-printer/-/console-table-printer-2.14.3.tgz"
  dependencies:
    simple-wcswidth "^1.0.1"

cross-spawn@^7.0.6:
  version "7.0.6"
  resolved "https://registry.npmmirror.com/cross-spawn/-/cross-spawn-7.0.6.tgz"
  dependencies:
    path-key "^3.1.0"
    shebang-command "^2.0.0"
    which "^2.0.1"

debug@^4.0.0, debug@^4.3.1, debug@^4.3.2:
  version "4.4.1"
  resolved "https://registry.npmmirror.com/debug/-/debug-4.4.1.tgz"
  dependencies:
    ms "^2.1.3"

decamelize@1.2.0:
  version "1.2.0"
  resolved "https://registry.npmmirror.com/decamelize/-/decamelize-1.2.0.tgz"
  integrity sha512-z2S+W9X73hAUUki+N+9Za2lBlun89zigOyGrsax+KUQ6wKW4ZoWpEYBkGhQjwAjjDCkWxhY0VKEhk8wzY7F5cA==

decode-named-character-reference@^1.0.0:
  version "1.1.0"
  resolved "https://registry.npmmirror.com/decode-named-character-reference/-/decode-named-character-reference-1.1.0.tgz"
  dependencies:
    character-entities "^2.0.0"

deep-is@^0.1.3:
  version "0.1.4"
  resolved "https://registry.npmmirror.com/deep-is/-/deep-is-0.1.4.tgz"

delayed-stream@~1.0.0:
  version "1.0.0"
  resolved "https://registry.npmmirror.com/delayed-stream/-/delayed-stream-1.0.0.tgz"

dequal@^2.0.0:
  version "2.0.3"
  resolved "https://registry.npmmirror.com/dequal/-/dequal-2.0.3.tgz"

devlop@^1.0.0, devlop@^1.1.0:
  version "1.1.0"
  resolved "https://registry.npmmirror.com/devlop/-/devlop-1.1.0.tgz"
  dependencies:
    dequal "^2.0.0"

dunder-proto@^1.0.1:
  version "1.0.1"
  resolved "https://registry.npmmirror.com/dunder-proto/-/dunder-proto-1.0.1.tgz"
  dependencies:
    call-bind-apply-helpers "^1.0.1"
    es-errors "^1.3.0"
    gopd "^1.2.0"

es-define-property@^1.0.1:
  version "1.0.1"
  resolved "https://registry.npmmirror.com/es-define-property/-/es-define-property-1.0.1.tgz"

es-errors@^1.3.0:
  version "1.3.0"
  resolved "https://registry.npmmirror.com/es-errors/-/es-errors-1.3.0.tgz"

es-object-atoms@^1.0.0, es-object-atoms@^1.1.1:
  version "1.1.1"
  resolved "https://registry.npmmirror.com/es-object-atoms/-/es-object-atoms-1.1.1.tgz"
  dependencies:
    es-errors "^1.3.0"

es-set-tostringtag@^2.1.0:
  version "2.1.0"
  resolved "https://registry.npmmirror.com/es-set-tostringtag/-/es-set-tostringtag-2.1.0.tgz"
  dependencies:
    es-errors "^1.3.0"
    get-intrinsic "^1.2.6"
    has-tostringtag "^1.0.2"
    hasown "^2.0.2"

escape-string-regexp@^4.0.0:
  version "4.0.0"
  resolved "https://registry.npmmirror.com/escape-string-regexp/-/escape-string-regexp-4.0.0.tgz"

escape-string-regexp@^5.0.0:
  version "5.0.0"
  resolved "https://registry.npmmirror.com/escape-string-regexp/-/escape-string-regexp-5.0.0.tgz"

eslint-scope@^8.3.0:
  version "8.4.0"
  resolved "https://registry.npmmirror.com/eslint-scope/-/eslint-scope-8.4.0.tgz"
  dependencies:
    esrecurse "^4.3.0"
    estraverse "^5.2.0"

eslint-visitor-keys@^3.4.3:
  version "3.4.3"
  resolved "https://registry.npmmirror.com/eslint-visitor-keys/-/eslint-visitor-keys-3.4.3.tgz"

eslint-visitor-keys@^4.2.0, eslint-visitor-keys@^4.2.1:
  version "4.2.1"
  resolved "https://registry.npmmirror.com/eslint-visitor-keys/-/eslint-visitor-keys-4.2.1.tgz"

"eslint@^6.0.0 || ^7.0.0 || >=8.0.0", eslint@^9.28.0:
  version "9.28.0"
  resolved "https://registry.npmmirror.com/eslint/-/eslint-9.28.0.tgz"
  dependencies:
    "@eslint-community/eslint-utils" "^4.2.0"
    "@eslint-community/regexpp" "^4.12.1"
    "@eslint/config-array" "^0.20.0"
    "@eslint/config-helpers" "^0.2.1"
    "@eslint/core" "^0.14.0"
    "@eslint/eslintrc" "^3.3.1"
    "@eslint/js" "9.28.0"
    "@eslint/plugin-kit" "^0.3.1"
    "@humanfs/node" "^0.16.6"
    "@humanwhocodes/module-importer" "^1.0.1"
    "@humanwhocodes/retry" "^0.4.2"
    "@types/estree" "^1.0.6"
    "@types/json-schema" "^7.0.15"
    ajv "^6.12.4"
    chalk "^4.0.0"
    cross-spawn "^7.0.6"
    debug "^4.3.2"
    escape-string-regexp "^4.0.0"
    eslint-scope "^8.3.0"
    eslint-visitor-keys "^4.2.0"
    espree "^10.3.0"
    esquery "^1.5.0"
    esutils "^2.0.2"
    fast-deep-equal "^3.1.3"
    file-entry-cache "^8.0.0"
    find-up "^5.0.0"
    glob-parent "^6.0.2"
    ignore "^5.2.0"
    imurmurhash "^0.1.4"
    is-glob "^4.0.0"
    json-stable-stringify-without-jsonify "^1.0.1"
    lodash.merge "^4.6.2"
    minimatch "^3.1.2"
    natural-compare "^1.4.0"
    optionator "^0.9.3"

espree@^10.0.1, espree@^10.3.0:
  version "10.4.0"
  resolved "https://registry.npmmirror.com/espree/-/espree-10.4.0.tgz"
  dependencies:
    acorn "^8.15.0"
    acorn-jsx "^5.3.2"
    eslint-visitor-keys "^4.2.1"

esquery@^1.5.0:
  version "1.6.0"
  resolved "https://registry.npmmirror.com/esquery/-/esquery-1.6.0.tgz"
  dependencies:
    estraverse "^5.1.0"

esrecurse@^4.3.0:
  version "4.3.0"
  resolved "https://registry.npmmirror.com/esrecurse/-/esrecurse-4.3.0.tgz"
  dependencies:
    estraverse "^5.2.0"

estraverse@^5.1.0, estraverse@^5.2.0:
  version "5.3.0"
  resolved "https://registry.npmmirror.com/estraverse/-/estraverse-5.3.0.tgz"

esutils@^2.0.2:
  version "2.0.3"
  resolved "https://registry.npmmirror.com/esutils/-/esutils-2.0.3.tgz"

event-target-shim@^5.0.0:
  version "5.0.1"
  resolved "https://registry.npmmirror.com/event-target-shim/-/event-target-shim-5.0.1.tgz"

eventemitter3@^4.0.4:
  version "4.0.7"
  resolved "https://registry.npmmirror.com/eventemitter3/-/eventemitter3-4.0.7.tgz"

fast-deep-equal@^3.1.1, fast-deep-equal@^3.1.3:
  version "3.1.3"
  resolved "https://registry.npmmirror.com/fast-deep-equal/-/fast-deep-equal-3.1.3.tgz"

fast-json-stable-stringify@^2.0.0:
  version "2.1.0"
  resolved "https://registry.npmmirror.com/fast-json-stable-stringify/-/fast-json-stable-stringify-2.1.0.tgz"

fast-levenshtein@^2.0.6:
  version "2.0.6"
  resolved "https://registry.npmmirror.com/fast-levenshtein/-/fast-levenshtein-2.0.6.tgz"

fault@^2.0.0:
  version "2.0.1"
  resolved "https://registry.npmmirror.com/fault/-/fault-2.0.1.tgz"
  dependencies:
    format "^0.2.0"

file-entry-cache@^8.0.0:
  version "8.0.0"
  resolved "https://registry.npmmirror.com/file-entry-cache/-/file-entry-cache-8.0.0.tgz"
  dependencies:
    flat-cache "^4.0.0"

find-up@^5.0.0:
  version "5.0.0"
  resolved "https://registry.npmmirror.com/find-up/-/find-up-5.0.0.tgz"
  dependencies:
    locate-path "^6.0.0"
    path-exists "^4.0.0"

flat-cache@^4.0.0:
  version "4.0.1"
  resolved "https://registry.npmmirror.com/flat-cache/-/flat-cache-4.0.1.tgz"
  dependencies:
    flatted "^3.2.9"
    keyv "^4.5.4"

flatted@^3.2.9:
  version "3.3.3"
  resolved "https://registry.npmmirror.com/flatted/-/flatted-3.3.3.tgz"

form-data-encoder@1.7.2:
  version "1.7.2"
  resolved "https://registry.npmmirror.com/form-data-encoder/-/form-data-encoder-1.7.2.tgz"

form-data@^4.0.0:
  version "4.0.3"
  resolved "https://registry.npmmirror.com/form-data/-/form-data-4.0.3.tgz"
  dependencies:
    asynckit "^0.4.0"
    combined-stream "^1.0.8"
    es-set-tostringtag "^2.1.0"
    hasown "^2.0.2"
    mime-types "^2.1.12"

format@^0.2.0:
  version "0.2.2"
  resolved "https://registry.npmmirror.com/format/-/format-0.2.2.tgz"

formdata-node@^4.3.2:
  version "4.4.1"
  resolved "https://registry.npmmirror.com/formdata-node/-/formdata-node-4.4.1.tgz"
  dependencies:
    node-domexception "1.0.0"
    web-streams-polyfill "4.0.0-beta.3"

function-bind@^1.1.2:
  version "1.1.2"
  resolved "https://registry.npmmirror.com/function-bind/-/function-bind-1.1.2.tgz"

get-intrinsic@^1.2.6:
  version "1.3.0"
  resolved "https://registry.npmmirror.com/get-intrinsic/-/get-intrinsic-1.3.0.tgz"
  dependencies:
    call-bind-apply-helpers "^1.0.2"
    es-define-property "^1.0.1"
    es-errors "^1.3.0"
    es-object-atoms "^1.1.1"
    function-bind "^1.1.2"
    get-proto "^1.0.1"
    gopd "^1.2.0"
    has-symbols "^1.1.0"
    hasown "^2.0.2"
    math-intrinsics "^1.1.0"

get-proto@^1.0.1:
  version "1.0.1"
  resolved "https://registry.npmmirror.com/get-proto/-/get-proto-1.0.1.tgz"
  dependencies:
    dunder-proto "^1.0.1"
    es-object-atoms "^1.0.0"

glob-parent@^6.0.2:
  version "6.0.2"
  resolved "https://registry.npmmirror.com/glob-parent/-/glob-parent-6.0.2.tgz"
  dependencies:
    is-glob "^4.0.3"

globals@^14.0.0:
  version "14.0.0"
  resolved "https://registry.npmmirror.com/globals/-/globals-14.0.0.tgz"

globals@^16.2.0:
  version "16.2.0"
  resolved "https://registry.npmmirror.com/globals/-/globals-16.2.0.tgz"

gopd@^1.2.0:
  version "1.2.0"
  resolved "https://registry.npmmirror.com/gopd/-/gopd-1.2.0.tgz"

has-flag@^4.0.0:
  version "4.0.0"
  resolved "https://registry.npmmirror.com/has-flag/-/has-flag-4.0.0.tgz"

has-symbols@^1.0.3, has-symbols@^1.1.0:
  version "1.1.0"
  resolved "https://registry.npmmirror.com/has-symbols/-/has-symbols-1.1.0.tgz"

has-tostringtag@^1.0.2:
  version "1.0.2"
  resolved "https://registry.npmmirror.com/has-tostringtag/-/has-tostringtag-1.0.2.tgz"
  dependencies:
    has-symbols "^1.0.3"

hasown@^2.0.2:
  version "2.0.2"
  resolved "https://registry.npmmirror.com/hasown/-/hasown-2.0.2.tgz"
  dependencies:
    function-bind "^1.1.2"

humanize-ms@^1.2.1:
  version "1.2.1"
  resolved "https://registry.npmmirror.com/humanize-ms/-/humanize-ms-1.2.1.tgz"
  dependencies:
    ms "^2.0.0"

ignore@^5.2.0:
  version "5.3.2"
  resolved "https://registry.npmmirror.com/ignore/-/ignore-5.3.2.tgz"

import-fresh@^3.2.1:
  version "3.3.1"
  resolved "https://registry.npmmirror.com/import-fresh/-/import-fresh-3.3.1.tgz"
  dependencies:
    parent-module "^1.0.0"
    resolve-from "^4.0.0"

imurmurhash@^0.1.4:
  version "0.1.4"
  resolved "https://registry.npmmirror.com/imurmurhash/-/imurmurhash-0.1.4.tgz"

is-extglob@^2.1.1:
  version "2.1.1"
  resolved "https://registry.npmmirror.com/is-extglob/-/is-extglob-2.1.1.tgz"

is-glob@^4.0.0, is-glob@^4.0.3:
  version "4.0.3"
  resolved "https://registry.npmmirror.com/is-glob/-/is-glob-4.0.3.tgz"
  dependencies:
    is-extglob "^2.1.1"

isexe@^2.0.0:
  version "2.0.0"
  resolved "https://registry.npmmirror.com/isexe/-/isexe-2.0.0.tgz"

js-tiktoken@^1.0.12:
  version "1.0.20"
  resolved "https://registry.npmmirror.com/js-tiktoken/-/js-tiktoken-1.0.20.tgz"
  dependencies:
    base64-js "^1.5.1"

js-yaml@^4.1.0:
  version "4.1.0"
  resolved "https://registry.npmmirror.com/js-yaml/-/js-yaml-4.1.0.tgz"
  dependencies:
    argparse "^2.0.1"

json-buffer@3.0.1:
  version "3.0.1"
  resolved "https://registry.npmmirror.com/json-buffer/-/json-buffer-3.0.1.tgz"

json-schema-traverse@^0.4.1:
  version "0.4.1"
  resolved "https://registry.npmmirror.com/json-schema-traverse/-/json-schema-traverse-0.4.1.tgz"

json-stable-stringify-without-jsonify@^1.0.1:
  version "1.0.1"
  resolved "https://registry.npmmirror.com/json-stable-stringify-without-jsonify/-/json-stable-stringify-without-jsonify-1.0.1.tgz"

jsonpointer@^5.0.1:
  version "5.0.1"
  resolved "https://registry.npmmirror.com/jsonpointer/-/jsonpointer-5.0.1.tgz"

keyv@^4.5.4:
  version "4.5.4"
  resolved "https://registry.npmmirror.com/keyv/-/keyv-4.5.4.tgz"
  dependencies:
    json-buffer "3.0.1"

langchain@^0.3.27:
  version "0.3.27"
  resolved "https://registry.npmmirror.com/langchain/-/langchain-0.3.27.tgz"
  dependencies:
    "@langchain/openai" ">=0.1.0 <0.6.0"
    "@langchain/textsplitters" ">=0.0.0 <0.2.0"
    js-tiktoken "^1.0.12"
    js-yaml "^4.1.0"
    jsonpointer "^5.0.1"
    langsmith "^0.3.29"
    openapi-types "^12.1.3"
    p-retry "4"
    uuid "^10.0.0"
    yaml "^2.2.1"
    zod "^3.22.4"
    zod-to-json-schema "^3.22.3"

langsmith@^0.3.29, langsmith@^0.3.33:
  version "0.3.38"
  resolved "https://registry.npmmirror.com/langsmith/-/langsmith-0.3.38.tgz"
  integrity sha512-2f3h427UCEi9jpGvdZp6eZNDhOzcSFSdwyZAax4Wo80NWozkXunepKkiXdQNloUZzE++fh3lxrjOqvimAJ0SSg==
  dependencies:
    "@types/uuid" "^10.0.0"
    chalk "^4.1.2"
    console-table-printer "^2.12.1"
    p-queue "^6.6.2"
    p-retry "4"
    semver "^7.6.3"
    uuid "^10.0.0"

levn@^0.4.1:
  version "0.4.1"
  resolved "https://registry.npmmirror.com/levn/-/levn-0.4.1.tgz"
  dependencies:
    prelude-ls "^1.2.1"
    type-check "~0.4.0"

locate-path@^6.0.0:
  version "6.0.0"
  resolved "https://registry.npmmirror.com/locate-path/-/locate-path-6.0.0.tgz"
  dependencies:
    p-locate "^5.0.0"

lodash.merge@^4.6.2:
  version "4.6.2"
  resolved "https://registry.npmmirror.com/lodash.merge/-/lodash.merge-4.6.2.tgz"

longest-streak@^3.0.0:
  version "3.1.0"
  resolved "https://registry.npmmirror.com/longest-streak/-/longest-streak-3.1.0.tgz"

markdown-table@^3.0.0:
  version "3.0.4"
  resolved "https://registry.npmmirror.com/markdown-table/-/markdown-table-3.0.4.tgz"

math-intrinsics@^1.1.0:
  version "1.1.0"
  resolved "https://registry.npmmirror.com/math-intrinsics/-/math-intrinsics-1.1.0.tgz"

mdast-util-find-and-replace@^3.0.0:
  version "3.0.2"
  resolved "https://registry.npmmirror.com/mdast-util-find-and-replace/-/mdast-util-find-and-replace-3.0.2.tgz"
  dependencies:
    "@types/mdast" "^4.0.0"
    escape-string-regexp "^5.0.0"
    unist-util-is "^6.0.0"
    unist-util-visit-parents "^6.0.0"

mdast-util-from-markdown@^2.0.0, mdast-util-from-markdown@^2.0.2:
  version "2.0.2"
  resolved "https://registry.npmmirror.com/mdast-util-from-markdown/-/mdast-util-from-markdown-2.0.2.tgz"
  dependencies:
    "@types/mdast" "^4.0.0"
    "@types/unist" "^3.0.0"
    decode-named-character-reference "^1.0.0"
    devlop "^1.0.0"
    mdast-util-to-string "^4.0.0"
    micromark "^4.0.0"
    micromark-util-decode-numeric-character-reference "^2.0.0"
    micromark-util-decode-string "^2.0.0"
    micromark-util-normalize-identifier "^2.0.0"
    micromark-util-symbol "^2.0.0"
    micromark-util-types "^2.0.0"
    unist-util-stringify-position "^4.0.0"

mdast-util-frontmatter@^2.0.1:
  version "2.0.1"
  resolved "https://registry.npmmirror.com/mdast-util-frontmatter/-/mdast-util-frontmatter-2.0.1.tgz"
  dependencies:
    "@types/mdast" "^4.0.0"
    devlop "^1.0.0"
    escape-string-regexp "^5.0.0"
    mdast-util-from-markdown "^2.0.0"
    mdast-util-to-markdown "^2.0.0"
    micromark-extension-frontmatter "^2.0.0"

mdast-util-gfm-autolink-literal@^2.0.0:
  version "2.0.1"
  resolved "https://registry.npmmirror.com/mdast-util-gfm-autolink-literal/-/mdast-util-gfm-autolink-literal-2.0.1.tgz"
  dependencies:
    "@types/mdast" "^4.0.0"
    ccount "^2.0.0"
    devlop "^1.0.0"
    mdast-util-find-and-replace "^3.0.0"
    micromark-util-character "^2.0.0"

mdast-util-gfm-footnote@^2.0.0:
  version "2.1.0"
  resolved "https://registry.npmmirror.com/mdast-util-gfm-footnote/-/mdast-util-gfm-footnote-2.1.0.tgz"
  dependencies:
    "@types/mdast" "^4.0.0"
    devlop "^1.1.0"
    mdast-util-from-markdown "^2.0.0"
    mdast-util-to-markdown "^2.0.0"
    micromark-util-normalize-identifier "^2.0.0"

mdast-util-gfm-strikethrough@^2.0.0:
  version "2.0.0"
  resolved "https://registry.npmmirror.com/mdast-util-gfm-strikethrough/-/mdast-util-gfm-strikethrough-2.0.0.tgz"
  dependencies:
    "@types/mdast" "^4.0.0"
    mdast-util-from-markdown "^2.0.0"
    mdast-util-to-markdown "^2.0.0"

mdast-util-gfm-table@^2.0.0:
  version "2.0.0"
  resolved "https://registry.npmmirror.com/mdast-util-gfm-table/-/mdast-util-gfm-table-2.0.0.tgz"
  dependencies:
    "@types/mdast" "^4.0.0"
    devlop "^1.0.0"
    markdown-table "^3.0.0"
    mdast-util-from-markdown "^2.0.0"
    mdast-util-to-markdown "^2.0.0"

mdast-util-gfm-task-list-item@^2.0.0:
  version "2.0.0"
  resolved "https://registry.npmmirror.com/mdast-util-gfm-task-list-item/-/mdast-util-gfm-task-list-item-2.0.0.tgz"
  dependencies:
    "@types/mdast" "^4.0.0"
    devlop "^1.0.0"
    mdast-util-from-markdown "^2.0.0"
    mdast-util-to-markdown "^2.0.0"

mdast-util-gfm@^3.0.0:
  version "3.1.0"
  resolved "https://registry.npmmirror.com/mdast-util-gfm/-/mdast-util-gfm-3.1.0.tgz"
  dependencies:
    mdast-util-from-markdown "^2.0.0"
    mdast-util-gfm-autolink-literal "^2.0.0"
    mdast-util-gfm-footnote "^2.0.0"
    mdast-util-gfm-strikethrough "^2.0.0"
    mdast-util-gfm-table "^2.0.0"
    mdast-util-gfm-task-list-item "^2.0.0"
    mdast-util-to-markdown "^2.0.0"

mdast-util-phrasing@^4.0.0:
  version "4.1.0"
  resolved "https://registry.npmmirror.com/mdast-util-phrasing/-/mdast-util-phrasing-4.1.0.tgz"
  dependencies:
    "@types/mdast" "^4.0.0"
    unist-util-is "^6.0.0"

mdast-util-to-markdown@^2.0.0:
  version "2.1.2"
  resolved "https://registry.npmmirror.com/mdast-util-to-markdown/-/mdast-util-to-markdown-2.1.2.tgz"
  dependencies:
    "@types/mdast" "^4.0.0"
    "@types/unist" "^3.0.0"
    longest-streak "^3.0.0"
    mdast-util-phrasing "^4.0.0"
    mdast-util-to-string "^4.0.0"
    micromark-util-classify-character "^2.0.0"
    micromark-util-decode-string "^2.0.0"
    unist-util-visit "^5.0.0"
    zwitch "^2.0.0"

mdast-util-to-string@^4.0.0:
  version "4.0.0"
  resolved "https://registry.npmmirror.com/mdast-util-to-string/-/mdast-util-to-string-4.0.0.tgz"
  dependencies:
    "@types/mdast" "^4.0.0"

mdn-data@2.21.0:
  version "2.21.0"
  resolved "https://registry.npmmirror.com/mdn-data/-/mdn-data-2.21.0.tgz"

micromark-core-commonmark@^2.0.0:
  version "2.0.3"
  resolved "https://registry.npmmirror.com/micromark-core-commonmark/-/micromark-core-commonmark-2.0.3.tgz"
  dependencies:
    decode-named-character-reference "^1.0.0"
    devlop "^1.0.0"
    micromark-factory-destination "^2.0.0"
    micromark-factory-label "^2.0.0"
    micromark-factory-space "^2.0.0"
    micromark-factory-title "^2.0.0"
    micromark-factory-whitespace "^2.0.0"
    micromark-util-character "^2.0.0"
    micromark-util-chunked "^2.0.0"
    micromark-util-classify-character "^2.0.0"
    micromark-util-html-tag-name "^2.0.0"
    micromark-util-normalize-identifier "^2.0.0"
    micromark-util-resolve-all "^2.0.0"
    micromark-util-subtokenize "^2.0.0"
    micromark-util-symbol "^2.0.0"
    micromark-util-types "^2.0.0"

micromark-extension-frontmatter@^2.0.0:
  version "2.0.0"
  resolved "https://registry.npmmirror.com/micromark-extension-frontmatter/-/micromark-extension-frontmatter-2.0.0.tgz"
  dependencies:
    fault "^2.0.0"
    micromark-util-character "^2.0.0"
    micromark-util-symbol "^2.0.0"
    micromark-util-types "^2.0.0"

micromark-extension-gfm-autolink-literal@^2.0.0:
  version "2.1.0"
  resolved "https://registry.npmmirror.com/micromark-extension-gfm-autolink-literal/-/micromark-extension-gfm-autolink-literal-2.1.0.tgz"
  dependencies:
    micromark-util-character "^2.0.0"
    micromark-util-sanitize-uri "^2.0.0"
    micromark-util-symbol "^2.0.0"
    micromark-util-types "^2.0.0"

micromark-extension-gfm-footnote@^2.0.0:
  version "2.1.0"
  resolved "https://registry.npmmirror.com/micromark-extension-gfm-footnote/-/micromark-extension-gfm-footnote-2.1.0.tgz"
  dependencies:
    devlop "^1.0.0"
    micromark-core-commonmark "^2.0.0"
    micromark-factory-space "^2.0.0"
    micromark-util-character "^2.0.0"
    micromark-util-normalize-identifier "^2.0.0"
    micromark-util-sanitize-uri "^2.0.0"
    micromark-util-symbol "^2.0.0"
    micromark-util-types "^2.0.0"

micromark-extension-gfm-strikethrough@^2.0.0:
  version "2.1.0"
  resolved "https://registry.npmmirror.com/micromark-extension-gfm-strikethrough/-/micromark-extension-gfm-strikethrough-2.1.0.tgz"
  dependencies:
    devlop "^1.0.0"
    micromark-util-chunked "^2.0.0"
    micromark-util-classify-character "^2.0.0"
    micromark-util-resolve-all "^2.0.0"
    micromark-util-symbol "^2.0.0"
    micromark-util-types "^2.0.0"

micromark-extension-gfm-table@^2.0.0:
  version "2.1.1"
  resolved "https://registry.npmmirror.com/micromark-extension-gfm-table/-/micromark-extension-gfm-table-2.1.1.tgz"
  dependencies:
    devlop "^1.0.0"
    micromark-factory-space "^2.0.0"
    micromark-util-character "^2.0.0"
    micromark-util-symbol "^2.0.0"
    micromark-util-types "^2.0.0"

micromark-extension-gfm-tagfilter@^2.0.0:
  version "2.0.0"
  resolved "https://registry.npmmirror.com/micromark-extension-gfm-tagfilter/-/micromark-extension-gfm-tagfilter-2.0.0.tgz"
  dependencies:
    micromark-util-types "^2.0.0"

micromark-extension-gfm-task-list-item@^2.0.0:
  version "2.1.0"
  resolved "https://registry.npmmirror.com/micromark-extension-gfm-task-list-item/-/micromark-extension-gfm-task-list-item-2.1.0.tgz"
  dependencies:
    devlop "^1.0.0"
    micromark-factory-space "^2.0.0"
    micromark-util-character "^2.0.0"
    micromark-util-symbol "^2.0.0"
    micromark-util-types "^2.0.0"

micromark-extension-gfm@^3.0.0:
  version "3.0.0"
  resolved "https://registry.npmmirror.com/micromark-extension-gfm/-/micromark-extension-gfm-3.0.0.tgz"
  dependencies:
    micromark-extension-gfm-autolink-literal "^2.0.0"
    micromark-extension-gfm-footnote "^2.0.0"
    micromark-extension-gfm-strikethrough "^2.0.0"
    micromark-extension-gfm-table "^2.0.0"
    micromark-extension-gfm-tagfilter "^2.0.0"
    micromark-extension-gfm-task-list-item "^2.0.0"
    micromark-util-combine-extensions "^2.0.0"
    micromark-util-types "^2.0.0"

micromark-factory-destination@^2.0.0:
  version "2.0.1"
  resolved "https://registry.npmmirror.com/micromark-factory-destination/-/micromark-factory-destination-2.0.1.tgz"
  dependencies:
    micromark-util-character "^2.0.0"
    micromark-util-symbol "^2.0.0"
    micromark-util-types "^2.0.0"

micromark-factory-label@^2.0.0:
  version "2.0.1"
  resolved "https://registry.npmmirror.com/micromark-factory-label/-/micromark-factory-label-2.0.1.tgz"
  dependencies:
    devlop "^1.0.0"
    micromark-util-character "^2.0.0"
    micromark-util-symbol "^2.0.0"
    micromark-util-types "^2.0.0"

micromark-factory-space@^2.0.0:
  version "2.0.1"
  resolved "https://registry.npmmirror.com/micromark-factory-space/-/micromark-factory-space-2.0.1.tgz"
  dependencies:
    micromark-util-character "^2.0.0"
    micromark-util-types "^2.0.0"

micromark-factory-title@^2.0.0:
  version "2.0.1"
  resolved "https://registry.npmmirror.com/micromark-factory-title/-/micromark-factory-title-2.0.1.tgz"
  dependencies:
    micromark-factory-space "^2.0.0"
    micromark-util-character "^2.0.0"
    micromark-util-symbol "^2.0.0"
    micromark-util-types "^2.0.0"

micromark-factory-whitespace@^2.0.0:
  version "2.0.1"
  resolved "https://registry.npmmirror.com/micromark-factory-whitespace/-/micromark-factory-whitespace-2.0.1.tgz"
  dependencies:
    micromark-factory-space "^2.0.0"
    micromark-util-character "^2.0.0"
    micromark-util-symbol "^2.0.0"
    micromark-util-types "^2.0.0"

micromark-util-character@^2.0.0:
  version "2.1.1"
  resolved "https://registry.npmmirror.com/micromark-util-character/-/micromark-util-character-2.1.1.tgz"
  dependencies:
    micromark-util-symbol "^2.0.0"
    micromark-util-types "^2.0.0"

micromark-util-chunked@^2.0.0:
  version "2.0.1"
  resolved "https://registry.npmmirror.com/micromark-util-chunked/-/micromark-util-chunked-2.0.1.tgz"
  dependencies:
    micromark-util-symbol "^2.0.0"

micromark-util-classify-character@^2.0.0:
  version "2.0.1"
  resolved "https://registry.npmmirror.com/micromark-util-classify-character/-/micromark-util-classify-character-2.0.1.tgz"
  dependencies:
    micromark-util-character "^2.0.0"
    micromark-util-symbol "^2.0.0"
    micromark-util-types "^2.0.0"

micromark-util-combine-extensions@^2.0.0:
  version "2.0.1"
  resolved "https://registry.npmmirror.com/micromark-util-combine-extensions/-/micromark-util-combine-extensions-2.0.1.tgz"
  dependencies:
    micromark-util-chunked "^2.0.0"
    micromark-util-types "^2.0.0"

micromark-util-decode-numeric-character-reference@^2.0.0:
  version "2.0.2"
  resolved "https://registry.npmmirror.com/micromark-util-decode-numeric-character-reference/-/micromark-util-decode-numeric-character-reference-2.0.2.tgz"
  dependencies:
    micromark-util-symbol "^2.0.0"

micromark-util-decode-string@^2.0.0:
  version "2.0.1"
  resolved "https://registry.npmmirror.com/micromark-util-decode-string/-/micromark-util-decode-string-2.0.1.tgz"
  dependencies:
    decode-named-character-reference "^1.0.0"
    micromark-util-character "^2.0.0"
    micromark-util-decode-numeric-character-reference "^2.0.0"
    micromark-util-symbol "^2.0.0"

micromark-util-encode@^2.0.0:
  version "2.0.1"
  resolved "https://registry.npmmirror.com/micromark-util-encode/-/micromark-util-encode-2.0.1.tgz"

micromark-util-html-tag-name@^2.0.0:
  version "2.0.1"
  resolved "https://registry.npmmirror.com/micromark-util-html-tag-name/-/micromark-util-html-tag-name-2.0.1.tgz"

micromark-util-normalize-identifier@^2.0.0:
  version "2.0.1"
  resolved "https://registry.npmmirror.com/micromark-util-normalize-identifier/-/micromark-util-normalize-identifier-2.0.1.tgz"
  dependencies:
    micromark-util-symbol "^2.0.0"

micromark-util-resolve-all@^2.0.0:
  version "2.0.1"
  resolved "https://registry.npmmirror.com/micromark-util-resolve-all/-/micromark-util-resolve-all-2.0.1.tgz"
  dependencies:
    micromark-util-types "^2.0.0"

micromark-util-sanitize-uri@^2.0.0:
  version "2.0.1"
  resolved "https://registry.npmmirror.com/micromark-util-sanitize-uri/-/micromark-util-sanitize-uri-2.0.1.tgz"
  dependencies:
    micromark-util-character "^2.0.0"
    micromark-util-encode "^2.0.0"
    micromark-util-symbol "^2.0.0"

micromark-util-subtokenize@^2.0.0:
  version "2.1.0"
  resolved "https://registry.npmmirror.com/micromark-util-subtokenize/-/micromark-util-subtokenize-2.1.0.tgz"
  dependencies:
    devlop "^1.0.0"
    micromark-util-chunked "^2.0.0"
    micromark-util-symbol "^2.0.0"
    micromark-util-types "^2.0.0"

micromark-util-symbol@^2.0.0:
  version "2.0.1"
  resolved "https://registry.npmmirror.com/micromark-util-symbol/-/micromark-util-symbol-2.0.1.tgz"

micromark-util-types@^2.0.0:
  version "2.0.2"
  resolved "https://registry.npmmirror.com/micromark-util-types/-/micromark-util-types-2.0.2.tgz"

micromark@^4.0.0:
  version "4.0.2"
  resolved "https://registry.npmmirror.com/micromark/-/micromark-4.0.2.tgz"
  dependencies:
    "@types/debug" "^4.0.0"
    debug "^4.0.0"
    decode-named-character-reference "^1.0.0"
    devlop "^1.0.0"
    micromark-core-commonmark "^2.0.0"
    micromark-factory-space "^2.0.0"
    micromark-util-character "^2.0.0"
    micromark-util-chunked "^2.0.0"
    micromark-util-combine-extensions "^2.0.0"
    micromark-util-decode-numeric-character-reference "^2.0.0"
    micromark-util-encode "^2.0.0"
    micromark-util-normalize-identifier "^2.0.0"
    micromark-util-resolve-all "^2.0.0"
    micromark-util-sanitize-uri "^2.0.0"
    micromark-util-subtokenize "^2.0.0"
    micromark-util-symbol "^2.0.0"
    micromark-util-types "^2.0.0"

mime-db@1.52.0:
  version "1.52.0"
  resolved "https://registry.npmmirror.com/mime-db/-/mime-db-1.52.0.tgz"

mime-types@^2.1.12:
  version "2.1.35"
  resolved "https://registry.npmmirror.com/mime-types/-/mime-types-2.1.35.tgz"
  dependencies:
    mime-db "1.52.0"

minimatch@^3.1.2:
  version "3.1.2"
  resolved "https://registry.npmmirror.com/minimatch/-/minimatch-3.1.2.tgz"
  dependencies:
    brace-expansion "^1.1.7"

ms@^2.0.0, ms@^2.1.3:
  version "2.1.3"
  resolved "https://registry.npmmirror.com/ms/-/ms-2.1.3.tgz"

mustache@^4.2.0:
  version "4.2.0"
  resolved "https://registry.npmmirror.com/mustache/-/mustache-4.2.0.tgz"
  integrity sha512-71ippSywq5Yb7/tVYyGbkBggbU8H3u5Rz56fH60jGFgr8uHwxs+aSKeqmluIVzM0m0kB7xQjKS6qPfd0b2ZoqQ==

natural-compare@^1.4.0:
  version "1.4.0"
  resolved "https://registry.npmmirror.com/natural-compare/-/natural-compare-1.4.0.tgz"

node-domexception@1.0.0:
  version "1.0.0"
  resolved "https://registry.npmmirror.com/node-domexception/-/node-domexception-1.0.0.tgz"

node-fetch@^2.6.7:
  version "2.7.0"
  resolved "https://registry.npmmirror.com/node-fetch/-/node-fetch-2.7.0.tgz"
  dependencies:
    whatwg-url "^5.0.0"

openai@*, openai@^4.96.0:
  version "4.104.0"
  resolved "https://registry.npmmirror.com/openai/-/openai-4.104.0.tgz"
  dependencies:
    "@types/node" "^18.11.18"
    "@types/node-fetch" "^2.6.4"
    abort-controller "^3.0.0"
    agentkeepalive "^4.2.1"
    form-data-encoder "1.7.2"
    formdata-node "^4.3.2"
    node-fetch "^2.6.7"

openapi-types@^12.1.3:
  version "12.1.3"
  resolved "https://registry.npmmirror.com/openapi-types/-/openapi-types-12.1.3.tgz"

optionator@^0.9.3:
  version "0.9.4"
  resolved "https://registry.npmmirror.com/optionator/-/optionator-0.9.4.tgz"
  dependencies:
    deep-is "^0.1.3"
    fast-levenshtein "^2.0.6"
    levn "^0.4.1"
    prelude-ls "^1.2.1"
    type-check "^0.4.0"
    word-wrap "^1.2.5"

p-finally@^1.0.0:
  version "1.0.0"
  resolved "https://registry.npmmirror.com/p-finally/-/p-finally-1.0.0.tgz"

p-limit@^3.0.2:
  version "3.1.0"
  resolved "https://registry.npmmirror.com/p-limit/-/p-limit-3.1.0.tgz"
  dependencies:
    yocto-queue "^0.1.0"

p-locate@^5.0.0:
  version "5.0.0"
  resolved "https://registry.npmmirror.com/p-locate/-/p-locate-5.0.0.tgz"
  dependencies:
    p-limit "^3.0.2"

p-queue@^6.6.2:
  version "6.6.2"
  resolved "https://registry.npmmirror.com/p-queue/-/p-queue-6.6.2.tgz"
  dependencies:
    eventemitter3 "^4.0.4"
    p-timeout "^3.2.0"

p-retry@4:
  version "4.6.2"
  resolved "https://registry.npmmirror.com/p-retry/-/p-retry-4.6.2.tgz"
  dependencies:
    "@types/retry" "0.12.0"
    retry "^0.13.1"

p-timeout@^3.2.0:
  version "3.2.0"
  resolved "https://registry.npmmirror.com/p-timeout/-/p-timeout-3.2.0.tgz"
  dependencies:
    p-finally "^1.0.0"

parent-module@^1.0.0:
  version "1.0.1"
  resolved "https://registry.npmmirror.com/parent-module/-/parent-module-1.0.1.tgz"
  dependencies:
    callsites "^3.0.0"

path-exists@^4.0.0:
  version "4.0.0"
  resolved "https://registry.npmmirror.com/path-exists/-/path-exists-4.0.0.tgz"

path-key@^3.1.0:
  version "3.1.1"
  resolved "https://registry.npmmirror.com/path-key/-/path-key-3.1.1.tgz"

prelude-ls@^1.2.1:
  version "1.2.1"
  resolved "https://registry.npmmirror.com/prelude-ls/-/prelude-ls-1.2.1.tgz"

punycode@^2.1.0:
  version "2.3.1"
  resolved "https://registry.npmmirror.com/punycode/-/punycode-2.3.1.tgz"

react-icons@^5.5.0:
  version "5.5.0"
  resolved "https://registry.npmmirror.com/react-icons/-/react-icons-5.5.0.tgz"
  integrity sha512-MEFcXdkP3dLo8uumGI5xN3lDFNsRtrjbOEKDLD7yv76v4wpnEq2Lt2qeHaQOr34I/wPN3s3+N08WkQ+CW37Xiw==

react@*, "react@^18 || ^19":
  version "19.1.0"
  resolved "https://registry.npmmirror.com/react/-/react-19.1.0.tgz"
  integrity sha512-FS+XFBNvn3GTAWq26joslQgWNoFu08F4kl0J4CgdNKADkdSGXQyTCnKteIAJy96Br6YbpEU1LSzV5dYtjMkMDg==

resolve-from@^4.0.0:
  version "4.0.0"
  resolved "https://registry.npmmirror.com/resolve-from/-/resolve-from-4.0.0.tgz"

retry@^0.13.1:
  version "0.13.1"
  resolved "https://registry.npmmirror.com/retry/-/retry-0.13.1.tgz"

semver@^7.6.3:
  version "7.7.2"
  resolved "https://registry.npmmirror.com/semver/-/semver-7.7.2.tgz"

shebang-command@^2.0.0:
  version "2.0.0"
  resolved "https://registry.npmmirror.com/shebang-command/-/shebang-command-2.0.0.tgz"
  dependencies:
    shebang-regex "^3.0.0"

shebang-regex@^3.0.0:
  version "3.0.0"
  resolved "https://registry.npmmirror.com/shebang-regex/-/shebang-regex-3.0.0.tgz"

simple-wcswidth@^1.0.1:
  version "1.0.1"
  resolved "https://registry.npmmirror.com/simple-wcswidth/-/simple-wcswidth-1.0.1.tgz"

source-map-js@^1.0.1:
  version "1.2.1"
  resolved "https://registry.npmmirror.com/source-map-js/-/source-map-js-1.2.1.tgz"

strip-json-comments@^3.1.1:
  version "3.1.1"
  resolved "https://registry.npmmirror.com/strip-json-comments/-/strip-json-comments-3.1.1.tgz"

supports-color@^7.1.0:
  version "7.2.0"
  resolved "https://registry.npmmirror.com/supports-color/-/supports-color-7.2.0.tgz"
  dependencies:
    has-flag "^4.0.0"

tr46@~0.0.3:
  version "0.0.3"
  resolved "https://registry.npmmirror.com/tr46/-/tr46-0.0.3.tgz"

type-check@^0.4.0, type-check@~0.4.0:
  version "0.4.0"
  resolved "https://registry.npmmirror.com/type-check/-/type-check-0.4.0.tgz"
  dependencies:
    prelude-ls "^1.2.1"

undici-types@~5.26.4:
  version "5.26.5"
  resolved "https://registry.npmmirror.com/undici-types/-/undici-types-5.26.5.tgz"

undici-types@~7.8.0:
  version "7.8.0"
  resolved "https://registry.npmmirror.com/undici-types/-/undici-types-7.8.0.tgz"

unist-util-is@^6.0.0:
  version "6.0.0"
  resolved "https://registry.npmmirror.com/unist-util-is/-/unist-util-is-6.0.0.tgz"
  dependencies:
    "@types/unist" "^3.0.0"

unist-util-stringify-position@^4.0.0:
  version "4.0.0"
  resolved "https://registry.npmmirror.com/unist-util-stringify-position/-/unist-util-stringify-position-4.0.0.tgz"
  dependencies:
    "@types/unist" "^3.0.0"

unist-util-visit-parents@^6.0.0:
  version "6.0.1"
  resolved "https://registry.npmmirror.com/unist-util-visit-parents/-/unist-util-visit-parents-6.0.1.tgz"
  dependencies:
    "@types/unist" "^3.0.0"
    unist-util-is "^6.0.0"

unist-util-visit@^5.0.0:
  version "5.0.0"
  resolved "https://registry.npmmirror.com/unist-util-visit/-/unist-util-visit-5.0.0.tgz"
  dependencies:
    "@types/unist" "^3.0.0"
    unist-util-is "^6.0.0"
    unist-util-visit-parents "^6.0.0"

uri-js@^4.2.2:
  version "4.4.1"
  resolved "https://registry.npmmirror.com/uri-js/-/uri-js-4.4.1.tgz"
  dependencies:
    punycode "^2.1.0"

uuid@^10.0.0:
  version "10.0.0"
  resolved "https://registry.npmmirror.com/uuid/-/uuid-10.0.0.tgz"

uuid@^9.0.0:
  version "9.0.1"
  resolved "https://registry.npmmirror.com/uuid/-/uuid-9.0.1.tgz"

web-streams-polyfill@4.0.0-beta.3:
  version "4.0.0-beta.3"
  resolved "https://registry.npmmirror.com/web-streams-polyfill/-/web-streams-polyfill-4.0.0-beta.3.tgz"

webidl-conversions@^3.0.0:
  version "3.0.1"
  resolved "https://registry.npmmirror.com/webidl-conversions/-/webidl-conversions-3.0.1.tgz"

whatwg-url@^5.0.0:
  version "5.0.0"
  resolved "https://registry.npmmirror.com/whatwg-url/-/whatwg-url-5.0.0.tgz"
  dependencies:
    tr46 "~0.0.3"
    webidl-conversions "^3.0.0"

which@^2.0.1:
  version "2.0.2"
  resolved "https://registry.npmmirror.com/which/-/which-2.0.2.tgz"
  dependencies:
    isexe "^2.0.0"

word-wrap@^1.2.5:
  version "1.2.5"
  resolved "https://registry.npmmirror.com/word-wrap/-/word-wrap-1.2.5.tgz"

yaml@^2.2.1:
  version "2.8.0"
  resolved "https://registry.npmmirror.com/yaml/-/yaml-2.8.0.tgz"

yocto-queue@^0.1.0:
  version "0.1.0"
  resolved "https://registry.npmmirror.com/yocto-queue/-/yocto-queue-0.1.0.tgz"

zod-to-json-schema@^3.22.3, zod-to-json-schema@^3.x:
  version "3.24.5"
  resolved "https://registry.npmmirror.com/zod-to-json-schema/-/zod-to-json-schema-3.24.5.tgz"

zod@^3.22.4, zod@^3.23.8, zod@^3.24.1, zod@^3.25.32:
  version "3.25.61"
  resolved "https://registry.npmmirror.com/zod/-/zod-3.25.61.tgz"

zwitch@^2.0.0:
  version "2.0.4"
  resolved "https://registry.npmmirror.com/zwitch/-/zwitch-2.0.4.tgz"
