# THIS IS AN AUTOGENERATED FILE. DO NOT EDIT THIS FILE DIRECTLY.
# yarn lockfile v1


"@google/genai@^1.3.0":
  version "1.3.0"
  resolved "https://registry.npmmirror.com/@google/genai/-/genai-1.3.0.tgz#30e9850a38d075a42b8f7d82d94f58922596a674"
  dependencies:
    google-auth-library "^9.14.2"
    ws "^8.18.0"
    zod "^3.22.4"
    zod-to-json-schema "^3.22.4"

"@mongodb-js/saslprep@^1.1.9":
  version "1.2.2"
  resolved "https://registry.npmmirror.com/@mongodb-js/saslprep/-/saslprep-1.2.2.tgz#09506f29cc2a99d9d7b951caa7fffc87e522a6d3"
  dependencies:
    sparse-bitfield "^3.0.3"

"@types/debug@^4.1.8":
  version "4.1.12"
  resolved "https://registry.npmmirror.com/@types/debug/-/debug-4.1.12.tgz"
  dependencies:
    "@types/ms" "*"

"@types/ms@*":
  version "0.7.34"
  resolved "https://registry.npmmirror.com/@types/ms/-/ms-0.7.34.tgz"

"@types/node-fetch@^2.6.4":
  version "2.6.12"
  resolved "https://registry.npmmirror.com/@types/node-fetch/-/node-fetch-2.6.12.tgz#8ab5c3ef8330f13100a7479e2cd56d3386830a03"
  dependencies:
    "@types/node" "*"
    form-data "^4.0.0"

"@types/node@*":
  version "22.9.0"
  resolved "https://registry.npmmirror.com/@types/node/-/node-22.9.0.tgz"
  dependencies:
    undici-types "~6.19.8"

"@types/node@^18.11.18":
  version "18.19.100"
  resolved "https://registry.npmmirror.com/@types/node/-/node-18.19.100.tgz#7f3aefbb6911099ab7e0902a1f373b1a4d2c1947"
  dependencies:
    undici-types "~5.26.4"

"@types/validator@^13.7.17":
  version "13.12.2"
  resolved "https://registry.npmmirror.com/@types/validator/-/validator-13.12.2.tgz"

"@types/webidl-conversions@*":
  version "7.0.3"
  resolved "https://registry.npmmirror.com/@types/webidl-conversions/-/webidl-conversions-7.0.3.tgz#1306dbfa53768bcbcfc95a1c8cde367975581859"

"@types/whatwg-url@^11.0.2":
  version "11.0.5"
  resolved "https://registry.npmmirror.com/@types/whatwg-url/-/whatwg-url-11.0.5.tgz#aaa2546e60f0c99209ca13360c32c78caf2c409f"
  dependencies:
    "@types/webidl-conversions" "*"

abort-controller@^3.0.0:
  version "3.0.0"
  resolved "https://registry.npmmirror.com/abort-controller/-/abort-controller-3.0.0.tgz#eaf54d53b62bae4138e809ca225c8439a6efb392"
  dependencies:
    event-target-shim "^5.0.0"

accepts@~1.3.8:
  version "1.3.8"
  resolved "https://registry.npmmirror.com/accepts/-/accepts-1.3.8.tgz"
  dependencies:
    mime-types "~2.1.34"
    negotiator "0.6.3"

agent-base@^7.1.2:
  version "7.1.3"
  resolved "https://registry.npmmirror.com/agent-base/-/agent-base-7.1.3.tgz#29435eb821bc4194633a5b89e5bc4703bafc25a1"

agentkeepalive@^4.2.1:
  version "4.6.0"
  resolved "https://registry.npmmirror.com/agentkeepalive/-/agentkeepalive-4.6.0.tgz#35f73e94b3f40bf65f105219c623ad19c136ea6a"
  dependencies:
    humanize-ms "^1.2.1"

append-field@^1.0.0:
  version "1.0.0"
  resolved "https://registry.npmmirror.com/append-field/-/append-field-1.0.0.tgz#1e3440e915f0b1203d23748e78edd7b9b5b43e56"

array-flatten@1.1.1:
  version "1.1.1"
  resolved "https://registry.npmmirror.com/array-flatten/-/array-flatten-1.1.1.tgz"

asynckit@^0.4.0:
  version "0.4.0"
  resolved "https://registry.npmmirror.com/asynckit/-/asynckit-0.4.0.tgz#c79ed97f7f34cb8f2ba1bc9790bcc366474b4b79"

base64-js@^1.3.0:
  version "1.5.1"
  resolved "https://registry.npmmirror.com/base64-js/-/base64-js-1.5.1.tgz#1b1b440160a5bf7ad40b650f095963481903930a"

basic-auth@~2.0.1:
  version "2.0.1"
  resolved "https://registry.npmmirror.com/basic-auth/-/basic-auth-2.0.1.tgz#b998279bf47ce38344b4f3cf916d4679bbf51e3a"
  dependencies:
    safe-buffer "5.1.2"

bcryptjs@^2.4.3:
  version "2.4.3"
  resolved "https://registry.npmmirror.com/bcryptjs/-/bcryptjs-2.4.3.tgz"

bignumber.js@^9.0.0:
  version "9.3.0"
  resolved "https://registry.npmmirror.com/bignumber.js/-/bignumber.js-9.3.0.tgz#bdba7e2a4c1a2eba08290e8dcad4f36393c92acd"

body-parser@1.20.3:
  version "1.20.3"
  resolved "https://registry.npmmirror.com/body-parser/-/body-parser-1.20.3.tgz"
  dependencies:
    bytes "3.1.2"
    content-type "~1.0.5"
    debug "2.6.9"
    depd "2.0.0"
    destroy "1.2.0"
    http-errors "2.0.0"
    iconv-lite "0.4.24"
    on-finished "2.4.1"
    qs "6.13.0"
    raw-body "2.5.2"
    type-is "~1.6.18"
    unpipe "1.0.0"

bson@^6.10.3:
  version "6.10.4"
  resolved "https://registry.npmmirror.com/bson/-/bson-6.10.4.tgz#d530733bb5bb16fb25c162e01a3344fab332fd2b"

buffer-equal-constant-time@1.0.1, buffer-equal-constant-time@^1.0.1:
  version "1.0.1"
  resolved "https://registry.npmmirror.com/buffer-equal-constant-time/-/buffer-equal-constant-time-1.0.1.tgz"

buffer-from@^1.0.0:
  version "1.1.2"
  resolved "https://registry.npmmirror.com/buffer-from/-/buffer-from-1.1.2.tgz#2b146a6fd72e80b4f55d255f35ed59a3a9a41bd5"

busboy@^1.0.0:
  version "1.6.0"
  resolved "https://registry.npmmirror.com/busboy/-/busboy-1.6.0.tgz#966ea36a9502e43cdb9146962523b92f531f6893"
  dependencies:
    streamsearch "^1.1.0"

bytes@3.1.2:
  version "3.1.2"
  resolved "https://registry.npmmirror.com/bytes/-/bytes-3.1.2.tgz"

call-bind-apply-helpers@^1.0.1, call-bind-apply-helpers@^1.0.2:
  version "1.0.2"
  resolved "https://registry.npmmirror.com/call-bind-apply-helpers/-/call-bind-apply-helpers-1.0.2.tgz#4b5428c222be985d79c3d82657479dbe0b59b2d6"
  dependencies:
    es-errors "^1.3.0"
    function-bind "^1.1.2"

call-bind@^1.0.7:
  version "1.0.7"
  resolved "https://registry.npmmirror.com/call-bind/-/call-bind-1.0.7.tgz"
  dependencies:
    es-define-property "^1.0.0"
    es-errors "^1.3.0"
    function-bind "^1.1.2"
    get-intrinsic "^1.2.4"
    set-function-length "^1.2.1"

combined-stream@^1.0.8:
  version "1.0.8"
  resolved "https://registry.npmmirror.com/combined-stream/-/combined-stream-1.0.8.tgz#c3d45a8b34fd730631a110a8a2520682b31d5a7f"
  dependencies:
    delayed-stream "~1.0.0"

concat-stream@^1.5.2:
  version "1.6.2"
  resolved "https://registry.npmmirror.com/concat-stream/-/concat-stream-1.6.2.tgz#904bdf194cd3122fc675c77fc4ac3d4ff0fd1a34"
  dependencies:
    buffer-from "^1.0.0"
    inherits "^2.0.3"
    readable-stream "^2.2.2"
    typedarray "^0.0.6"

content-disposition@0.5.4:
  version "0.5.4"
  resolved "https://registry.npmmirror.com/content-disposition/-/content-disposition-0.5.4.tgz"
  dependencies:
    safe-buffer "5.2.1"

content-type@~1.0.4, content-type@~1.0.5:
  version "1.0.5"
  resolved "https://registry.npmmirror.com/content-type/-/content-type-1.0.5.tgz"

cookie-signature@1.0.6:
  version "1.0.6"
  resolved "https://registry.npmmirror.com/cookie-signature/-/cookie-signature-1.0.6.tgz"

cookie@0.7.1:
  version "0.7.1"
  resolved "https://registry.npmmirror.com/cookie/-/cookie-0.7.1.tgz"

core-util-is@~1.0.0:
  version "1.0.3"
  resolved "https://registry.npmmirror.com/core-util-is/-/core-util-is-1.0.3.tgz#a6042d3634c2b27e9328f837b965fac83808db85"

cors@^2.8.5:
  version "2.8.5"
  resolved "https://registry.npmmirror.com/cors/-/cors-2.8.5.tgz"
  dependencies:
    object-assign "^4"
    vary "^1"

csv-parser@^3.0.0:
  version "3.0.0"
  resolved "https://registry.npmmirror.com/csv-parser/-/csv-parser-3.0.0.tgz"
  dependencies:
    minimist "^1.2.0"

debug@2.6.9:
  version "2.6.9"
  resolved "https://registry.npmmirror.com/debug/-/debug-2.6.9.tgz"
  dependencies:
    ms "2.0.0"

debug@4, debug@4.x:
  version "4.4.1"
  resolved "https://registry.npmmirror.com/debug/-/debug-4.4.1.tgz#e5a8bc6cbc4c6cd3e64308b0693a3d4fa550189b"
  dependencies:
    ms "^2.1.3"

debug@^4.3.4:
  version "4.3.7"
  resolved "https://registry.npmmirror.com/debug/-/debug-4.3.7.tgz"
  dependencies:
    ms "^2.1.3"

define-data-property@^1.1.4:
  version "1.1.4"
  resolved "https://registry.npmmirror.com/define-data-property/-/define-data-property-1.1.4.tgz"
  dependencies:
    es-define-property "^1.0.0"
    es-errors "^1.3.0"
    gopd "^1.0.1"

delayed-stream@~1.0.0:
  version "1.0.0"
  resolved "https://registry.npmmirror.com/delayed-stream/-/delayed-stream-1.0.0.tgz#df3ae199acadfb7d440aaae0b29e2272b24ec619"

depd@2.0.0, depd@~2.0.0:
  version "2.0.0"
  resolved "https://registry.npmmirror.com/depd/-/depd-2.0.0.tgz"

destroy@1.2.0:
  version "1.2.0"
  resolved "https://registry.npmmirror.com/destroy/-/destroy-1.2.0.tgz"

dotenv@^16.4.5:
  version "16.4.5"
  resolved "https://registry.npmmirror.com/dotenv/-/dotenv-16.4.5.tgz"

dottie@^2.0.6:
  version "2.0.6"
  resolved "https://registry.npmmirror.com/dottie/-/dottie-2.0.6.tgz"

dunder-proto@^1.0.1:
  version "1.0.1"
  resolved "https://registry.npmmirror.com/dunder-proto/-/dunder-proto-1.0.1.tgz#d7ae667e1dc83482f8b70fd0f6eefc50da30f58a"
  dependencies:
    call-bind-apply-helpers "^1.0.1"
    es-errors "^1.3.0"
    gopd "^1.2.0"

ecdsa-sig-formatter@1.0.11, ecdsa-sig-formatter@^1.0.11:
  version "1.0.11"
  resolved "https://registry.npmmirror.com/ecdsa-sig-formatter/-/ecdsa-sig-formatter-1.0.11.tgz"
  dependencies:
    safe-buffer "^5.0.1"

ee-first@1.1.1:
  version "1.1.1"
  resolved "https://registry.npmmirror.com/ee-first/-/ee-first-1.1.1.tgz"

encodeurl@~1.0.2:
  version "1.0.2"
  resolved "https://registry.npmmirror.com/encodeurl/-/encodeurl-1.0.2.tgz"

encodeurl@~2.0.0:
  version "2.0.0"
  resolved "https://registry.npmmirror.com/encodeurl/-/encodeurl-2.0.0.tgz"

es-define-property@^1.0.0:
  version "1.0.0"
  resolved "https://registry.npmmirror.com/es-define-property/-/es-define-property-1.0.0.tgz"
  dependencies:
    get-intrinsic "^1.2.4"

es-define-property@^1.0.1:
  version "1.0.1"
  resolved "https://registry.npmmirror.com/es-define-property/-/es-define-property-1.0.1.tgz#983eb2f9a6724e9303f61addf011c72e09e0b0fa"

es-errors@^1.3.0:
  version "1.3.0"
  resolved "https://registry.npmmirror.com/es-errors/-/es-errors-1.3.0.tgz"

es-object-atoms@^1.0.0, es-object-atoms@^1.1.1:
  version "1.1.1"
  resolved "https://registry.npmmirror.com/es-object-atoms/-/es-object-atoms-1.1.1.tgz#1c4f2c4837327597ce69d2ca190a7fdd172338c1"
  dependencies:
    es-errors "^1.3.0"

es-set-tostringtag@^2.1.0:
  version "2.1.0"
  resolved "https://registry.npmmirror.com/es-set-tostringtag/-/es-set-tostringtag-2.1.0.tgz#f31dbbe0c183b00a6d26eb6325c810c0fd18bd4d"
  dependencies:
    es-errors "^1.3.0"
    get-intrinsic "^1.2.6"
    has-tostringtag "^1.0.2"
    hasown "^2.0.2"

escape-html@~1.0.3:
  version "1.0.3"
  resolved "https://registry.npmmirror.com/escape-html/-/escape-html-1.0.3.tgz"

etag@~1.8.1:
  version "1.8.1"
  resolved "https://registry.npmmirror.com/etag/-/etag-1.8.1.tgz"

event-target-shim@^5.0.0:
  version "5.0.1"
  resolved "https://registry.npmmirror.com/event-target-shim/-/event-target-shim-5.0.1.tgz#5d4d3ebdf9583d63a5333ce2deb7480ab2b05789"

express@^4.21.1:
  version "4.21.1"
  resolved "https://registry.npmmirror.com/express/-/express-4.21.1.tgz"
  dependencies:
    accepts "~1.3.8"
    array-flatten "1.1.1"
    body-parser "1.20.3"
    content-disposition "0.5.4"
    content-type "~1.0.4"
    cookie "0.7.1"
    cookie-signature "1.0.6"
    debug "2.6.9"
    depd "2.0.0"
    encodeurl "~2.0.0"
    escape-html "~1.0.3"
    etag "~1.8.1"
    finalhandler "1.3.1"
    fresh "0.5.2"
    http-errors "2.0.0"
    merge-descriptors "1.0.3"
    methods "~1.1.2"
    on-finished "2.4.1"
    parseurl "~1.3.3"
    path-to-regexp "0.1.10"
    proxy-addr "~2.0.7"
    qs "6.13.0"
    range-parser "~1.2.1"
    safe-buffer "5.2.1"
    send "0.19.0"
    serve-static "1.16.2"
    setprototypeof "1.2.0"
    statuses "2.0.1"
    type-is "~1.6.18"
    utils-merge "1.0.1"
    vary "~1.1.2"

extend@^3.0.2:
  version "3.0.2"
  resolved "https://registry.npmmirror.com/extend/-/extend-3.0.2.tgz#f8b1136b4071fbd8eb140aff858b1019ec2915fa"

finalhandler@1.3.1:
  version "1.3.1"
  resolved "https://registry.npmmirror.com/finalhandler/-/finalhandler-1.3.1.tgz"
  dependencies:
    debug "2.6.9"
    encodeurl "~2.0.0"
    escape-html "~1.0.3"
    on-finished "2.4.1"
    parseurl "~1.3.3"
    statuses "2.0.1"
    unpipe "~1.0.0"

form-data-encoder@1.7.2:
  version "1.7.2"
  resolved "https://registry.npmmirror.com/form-data-encoder/-/form-data-encoder-1.7.2.tgz#1f1ae3dccf58ed4690b86d87e4f57c654fbab040"

form-data@^4.0.0:
  version "4.0.2"
  resolved "https://registry.npmmirror.com/form-data/-/form-data-4.0.2.tgz#35cabbdd30c3ce73deb2c42d3c8d3ed9ca51794c"
  dependencies:
    asynckit "^0.4.0"
    combined-stream "^1.0.8"
    es-set-tostringtag "^2.1.0"
    mime-types "^2.1.12"

formdata-node@^4.3.2:
  version "4.4.1"
  resolved "https://registry.npmmirror.com/formdata-node/-/formdata-node-4.4.1.tgz#23f6a5cb9cb55315912cbec4ff7b0f59bbd191e2"
  dependencies:
    node-domexception "1.0.0"
    web-streams-polyfill "4.0.0-beta.3"

forwarded@0.2.0:
  version "0.2.0"
  resolved "https://registry.npmmirror.com/forwarded/-/forwarded-0.2.0.tgz"

fresh@0.5.2:
  version "0.5.2"
  resolved "https://registry.npmmirror.com/fresh/-/fresh-0.5.2.tgz"

function-bind@^1.1.2:
  version "1.1.2"
  resolved "https://registry.npmmirror.com/function-bind/-/function-bind-1.1.2.tgz"

gaxios@^6.0.0, gaxios@^6.1.1:
  version "6.7.1"
  resolved "https://registry.npmmirror.com/gaxios/-/gaxios-6.7.1.tgz#ebd9f7093ede3ba502685e73390248bb5b7f71fb"
  dependencies:
    extend "^3.0.2"
    https-proxy-agent "^7.0.1"
    is-stream "^2.0.0"
    node-fetch "^2.6.9"
    uuid "^9.0.1"

gcp-metadata@^6.1.0:
  version "6.1.1"
  resolved "https://registry.npmmirror.com/gcp-metadata/-/gcp-metadata-6.1.1.tgz#f65aa69f546bc56e116061d137d3f5f90bdec494"
  dependencies:
    gaxios "^6.1.1"
    google-logging-utils "^0.0.2"
    json-bigint "^1.0.0"

get-intrinsic@^1.1.3, get-intrinsic@^1.2.4:
  version "1.2.4"
  resolved "https://registry.npmmirror.com/get-intrinsic/-/get-intrinsic-1.2.4.tgz"
  dependencies:
    es-errors "^1.3.0"
    function-bind "^1.1.2"
    has-proto "^1.0.1"
    has-symbols "^1.0.3"
    hasown "^2.0.0"

get-intrinsic@^1.2.6:
  version "1.3.0"
  resolved "https://registry.npmmirror.com/get-intrinsic/-/get-intrinsic-1.3.0.tgz#743f0e3b6964a93a5491ed1bffaae054d7f98d01"
  dependencies:
    call-bind-apply-helpers "^1.0.2"
    es-define-property "^1.0.1"
    es-errors "^1.3.0"
    es-object-atoms "^1.1.1"
    function-bind "^1.1.2"
    get-proto "^1.0.1"
    gopd "^1.2.0"
    has-symbols "^1.1.0"
    hasown "^2.0.2"
    math-intrinsics "^1.1.0"

get-proto@^1.0.1:
  version "1.0.1"
  resolved "https://registry.npmmirror.com/get-proto/-/get-proto-1.0.1.tgz#150b3f2743869ef3e851ec0c49d15b1d14d00ee1"
  dependencies:
    dunder-proto "^1.0.1"
    es-object-atoms "^1.0.0"

google-auth-library@^9.14.2:
  version "9.15.1"
  resolved "https://registry.npmmirror.com/google-auth-library/-/google-auth-library-9.15.1.tgz#0c5d84ed1890b2375f1cd74f03ac7b806b392928"
  dependencies:
    base64-js "^1.3.0"
    ecdsa-sig-formatter "^1.0.11"
    gaxios "^6.1.1"
    gcp-metadata "^6.1.0"
    gtoken "^7.0.0"
    jws "^4.0.0"

google-logging-utils@^0.0.2:
  version "0.0.2"
  resolved "https://registry.npmmirror.com/google-logging-utils/-/google-logging-utils-0.0.2.tgz#5fd837e06fa334da450433b9e3e1870c1594466a"

gopd@^1.0.1:
  version "1.0.1"
  resolved "https://registry.npmmirror.com/gopd/-/gopd-1.0.1.tgz"
  dependencies:
    get-intrinsic "^1.1.3"

gopd@^1.2.0:
  version "1.2.0"
  resolved "https://registry.npmmirror.com/gopd/-/gopd-1.2.0.tgz#89f56b8217bdbc8802bd299df6d7f1081d7e51a1"

gtoken@^7.0.0:
  version "7.1.0"
  resolved "https://registry.npmmirror.com/gtoken/-/gtoken-7.1.0.tgz#d61b4ebd10132222817f7222b1e6064bd463fc26"
  dependencies:
    gaxios "^6.0.0"
    jws "^4.0.0"

has-property-descriptors@^1.0.2:
  version "1.0.2"
  resolved "https://registry.npmmirror.com/has-property-descriptors/-/has-property-descriptors-1.0.2.tgz"
  dependencies:
    es-define-property "^1.0.0"

has-proto@^1.0.1:
  version "1.0.3"
  resolved "https://registry.npmmirror.com/has-proto/-/has-proto-1.0.3.tgz"

has-symbols@^1.0.3:
  version "1.0.3"
  resolved "https://registry.npmmirror.com/has-symbols/-/has-symbols-1.0.3.tgz"

has-symbols@^1.1.0:
  version "1.1.0"
  resolved "https://registry.npmmirror.com/has-symbols/-/has-symbols-1.1.0.tgz#fc9c6a783a084951d0b971fe1018de813707a338"

has-tostringtag@^1.0.2:
  version "1.0.2"
  resolved "https://registry.npmmirror.com/has-tostringtag/-/has-tostringtag-1.0.2.tgz#2cdc42d40bef2e5b4eeab7c01a73c54ce7ab5abc"
  dependencies:
    has-symbols "^1.0.3"

hasown@^2.0.0, hasown@^2.0.2:
  version "2.0.2"
  resolved "https://registry.npmmirror.com/hasown/-/hasown-2.0.2.tgz"
  dependencies:
    function-bind "^1.1.2"

helmet@^8.1.0:
  version "8.1.0"
  resolved "https://registry.npmmirror.com/helmet/-/helmet-8.1.0.tgz#f96d23fedc89e9476ecb5198181009c804b8b38c"

http-errors@2.0.0:
  version "2.0.0"
  resolved "https://registry.npmmirror.com/http-errors/-/http-errors-2.0.0.tgz"
  dependencies:
    depd "2.0.0"
    inherits "2.0.4"
    setprototypeof "1.2.0"
    statuses "2.0.1"
    toidentifier "1.0.1"

https-proxy-agent@^7.0.1:
  version "7.0.6"
  resolved "https://registry.npmmirror.com/https-proxy-agent/-/https-proxy-agent-7.0.6.tgz#da8dfeac7da130b05c2ba4b59c9b6cd66611a6b9"
  dependencies:
    agent-base "^7.1.2"
    debug "4"

humanize-ms@^1.2.1:
  version "1.2.1"
  resolved "https://registry.npmmirror.com/humanize-ms/-/humanize-ms-1.2.1.tgz#c46e3159a293f6b896da29316d8b6fe8bb79bbed"
  dependencies:
    ms "^2.0.0"

iconv-lite@0.4.24:
  version "0.4.24"
  resolved "https://registry.npmmirror.com/iconv-lite/-/iconv-lite-0.4.24.tgz"
  dependencies:
    safer-buffer ">= 2.1.2 < 3"

inflection@^1.13.4:
  version "1.13.4"
  resolved "https://registry.npmmirror.com/inflection/-/inflection-1.13.4.tgz"

inherits@2.0.4, inherits@^2.0.3, inherits@~2.0.3:
  version "2.0.4"
  resolved "https://registry.npmmirror.com/inherits/-/inherits-2.0.4.tgz"

ipaddr.js@1.9.1:
  version "1.9.1"
  resolved "https://registry.npmmirror.com/ipaddr.js/-/ipaddr.js-1.9.1.tgz"

is-stream@^2.0.0:
  version "2.0.1"
  resolved "https://registry.npmmirror.com/is-stream/-/is-stream-2.0.1.tgz#fac1e3d53b97ad5a9d0ae9cef2389f5810a5c077"

isarray@~1.0.0:
  version "1.0.0"
  resolved "https://registry.npmmirror.com/isarray/-/isarray-1.0.0.tgz#bb935d48582cba168c06834957a54a3e07124f11"

json-bigint@^1.0.0:
  version "1.0.0"
  resolved "https://registry.npmmirror.com/json-bigint/-/json-bigint-1.0.0.tgz#ae547823ac0cad8398667f8cd9ef4730f5b01ff1"
  dependencies:
    bignumber.js "^9.0.0"

jsonwebtoken@^9.0.2:
  version "9.0.2"
  resolved "https://registry.npmmirror.com/jsonwebtoken/-/jsonwebtoken-9.0.2.tgz"
  dependencies:
    jws "^3.2.2"
    lodash.includes "^4.3.0"
    lodash.isboolean "^3.0.3"
    lodash.isinteger "^4.0.4"
    lodash.isnumber "^3.0.3"
    lodash.isplainobject "^4.0.6"
    lodash.isstring "^4.0.1"
    lodash.once "^4.0.0"
    ms "^2.1.1"
    semver "^7.5.4"

jwa@^1.4.1:
  version "1.4.1"
  resolved "https://registry.npmmirror.com/jwa/-/jwa-1.4.1.tgz"
  dependencies:
    buffer-equal-constant-time "1.0.1"
    ecdsa-sig-formatter "1.0.11"
    safe-buffer "^5.0.1"

jwa@^2.0.0:
  version "2.0.1"
  resolved "https://registry.npmmirror.com/jwa/-/jwa-2.0.1.tgz#bf8176d1ad0cd72e0f3f58338595a13e110bc804"
  dependencies:
    buffer-equal-constant-time "^1.0.1"
    ecdsa-sig-formatter "1.0.11"
    safe-buffer "^5.0.1"

jws@^3.2.2:
  version "3.2.2"
  resolved "https://registry.npmmirror.com/jws/-/jws-3.2.2.tgz"
  dependencies:
    jwa "^1.4.1"
    safe-buffer "^5.0.1"

jws@^4.0.0:
  version "4.0.0"
  resolved "https://registry.npmmirror.com/jws/-/jws-4.0.0.tgz#2d4e8cf6a318ffaa12615e9dec7e86e6c97310f4"
  dependencies:
    jwa "^2.0.0"
    safe-buffer "^5.0.1"

kareem@2.6.3:
  version "2.6.3"
  resolved "https://registry.npmmirror.com/kareem/-/kareem-2.6.3.tgz#23168ec8ffb6c1abfd31b7169a6fb1dd285992ac"

lodash.includes@^4.3.0:
  version "4.3.0"
  resolved "https://registry.npmmirror.com/lodash.includes/-/lodash.includes-4.3.0.tgz"

lodash.isboolean@^3.0.3:
  version "3.0.3"
  resolved "https://registry.npmmirror.com/lodash.isboolean/-/lodash.isboolean-3.0.3.tgz"

lodash.isinteger@^4.0.4:
  version "4.0.4"
  resolved "https://registry.npmmirror.com/lodash.isinteger/-/lodash.isinteger-4.0.4.tgz"

lodash.isnumber@^3.0.3:
  version "3.0.3"
  resolved "https://registry.npmmirror.com/lodash.isnumber/-/lodash.isnumber-3.0.3.tgz"

lodash.isplainobject@^4.0.6:
  version "4.0.6"
  resolved "https://registry.npmmirror.com/lodash.isplainobject/-/lodash.isplainobject-4.0.6.tgz"

lodash.isstring@^4.0.1:
  version "4.0.1"
  resolved "https://registry.npmmirror.com/lodash.isstring/-/lodash.isstring-4.0.1.tgz"

lodash.once@^4.0.0:
  version "4.1.1"
  resolved "https://registry.npmmirror.com/lodash.once/-/lodash.once-4.1.1.tgz"

lodash@^4.17.21:
  version "4.17.21"
  resolved "https://registry.npmmirror.com/lodash/-/lodash-4.17.21.tgz"

math-intrinsics@^1.1.0:
  version "1.1.0"
  resolved "https://registry.npmmirror.com/math-intrinsics/-/math-intrinsics-1.1.0.tgz#a0dd74be81e2aa5c2f27e65ce283605ee4e2b7f9"

media-typer@0.3.0:
  version "0.3.0"
  resolved "https://registry.npmmirror.com/media-typer/-/media-typer-0.3.0.tgz"

memory-pager@^1.0.2:
  version "1.5.0"
  resolved "https://registry.npmmirror.com/memory-pager/-/memory-pager-1.5.0.tgz#d8751655d22d384682741c972f2c3d6dfa3e66b5"

merge-descriptors@1.0.3:
  version "1.0.3"
  resolved "https://registry.npmmirror.com/merge-descriptors/-/merge-descriptors-1.0.3.tgz"

methods@~1.1.2:
  version "1.1.2"
  resolved "https://registry.npmmirror.com/methods/-/methods-1.1.2.tgz"

mime-db@1.52.0:
  version "1.52.0"
  resolved "https://registry.npmmirror.com/mime-db/-/mime-db-1.52.0.tgz"

mime-types@^2.1.12, mime-types@~2.1.24, mime-types@~2.1.34:
  version "2.1.35"
  resolved "https://registry.npmmirror.com/mime-types/-/mime-types-2.1.35.tgz"
  dependencies:
    mime-db "1.52.0"

mime@1.6.0:
  version "1.6.0"
  resolved "https://registry.npmmirror.com/mime/-/mime-1.6.0.tgz"

minimist@^1.2.0, minimist@^1.2.6:
  version "1.2.8"
  resolved "https://registry.npmmirror.com/minimist/-/minimist-1.2.8.tgz"

mkdirp@^0.5.4:
  version "0.5.6"
  resolved "https://registry.npmmirror.com/mkdirp/-/mkdirp-0.5.6.tgz#7def03d2432dcae4ba1d611445c48396062255f6"
  dependencies:
    minimist "^1.2.6"

moment-timezone@^0.5.43:
  version "0.5.46"
  resolved "https://registry.npmmirror.com/moment-timezone/-/moment-timezone-0.5.46.tgz"
  dependencies:
    moment "^2.29.4"

moment@^2.29.4:
  version "2.30.1"
  resolved "https://registry.npmmirror.com/moment/-/moment-2.30.1.tgz"

mongodb-connection-string-url@^3.0.0:
  version "3.0.2"
  resolved "https://registry.npmmirror.com/mongodb-connection-string-url/-/mongodb-connection-string-url-3.0.2.tgz#e223089dfa0a5fa9bf505f8aedcbc67b077b33e7"
  dependencies:
    "@types/whatwg-url" "^11.0.2"
    whatwg-url "^14.1.0 || ^13.0.0"

mongodb@~6.16.0:
  version "6.16.0"
  resolved "https://registry.npmmirror.com/mongodb/-/mongodb-6.16.0.tgz#2a7a1986ec151d9c738fc8ce4cf4324c3f728a2f"
  dependencies:
    "@mongodb-js/saslprep" "^1.1.9"
    bson "^6.10.3"
    mongodb-connection-string-url "^3.0.0"

mongoose@^8.15.1:
  version "8.15.1"
  resolved "https://registry.npmmirror.com/mongoose/-/mongoose-8.15.1.tgz#d0c5224a01ea8a8f96f5fd5f8557675a054d0a6f"
  dependencies:
    bson "^6.10.3"
    kareem "2.6.3"
    mongodb "~6.16.0"
    mpath "0.9.0"
    mquery "5.0.0"
    ms "2.1.3"
    sift "17.1.3"

morgan@^1.10.0:
  version "1.10.0"
  resolved "https://registry.npmmirror.com/morgan/-/morgan-1.10.0.tgz#091778abc1fc47cd3509824653dae1faab6b17d7"
  dependencies:
    basic-auth "~2.0.1"
    debug "2.6.9"
    depd "~2.0.0"
    on-finished "~2.3.0"
    on-headers "~1.0.2"

mpath@0.9.0:
  version "0.9.0"
  resolved "https://registry.npmmirror.com/mpath/-/mpath-0.9.0.tgz#0c122fe107846e31fc58c75b09c35514b3871904"

mquery@5.0.0:
  version "5.0.0"
  resolved "https://registry.npmmirror.com/mquery/-/mquery-5.0.0.tgz#a95be5dfc610b23862df34a47d3e5d60e110695d"
  dependencies:
    debug "4.x"

ms@2.0.0:
  version "2.0.0"
  resolved "https://registry.npmmirror.com/ms/-/ms-2.0.0.tgz"

ms@2.1.3, ms@^2.0.0, ms@^2.1.1, ms@^2.1.3:
  version "2.1.3"
  resolved "https://registry.npmmirror.com/ms/-/ms-2.1.3.tgz"

multer@^1.4.5-lts.2:
  version "1.4.5-lts.2"
  resolved "https://registry.npmmirror.com/multer/-/multer-1.4.5-lts.2.tgz#340af065d8685dda846ec9e3d7655fcd50afba2d"
  dependencies:
    append-field "^1.0.0"
    busboy "^1.0.0"
    concat-stream "^1.5.2"
    mkdirp "^0.5.4"
    object-assign "^4.1.1"
    type-is "^1.6.4"
    xtend "^4.0.0"

negotiator@0.6.3:
  version "0.6.3"
  resolved "https://registry.npmmirror.com/negotiator/-/negotiator-0.6.3.tgz"

node-domexception@1.0.0:
  version "1.0.0"
  resolved "https://registry.npmmirror.com/node-domexception/-/node-domexception-1.0.0.tgz#6888db46a1f71c0b76b3f7555016b63fe64766e5"

node-fetch@^2.6.7, node-fetch@^2.6.9:
  version "2.7.0"
  resolved "https://registry.npmmirror.com/node-fetch/-/node-fetch-2.7.0.tgz#d0f0fa6e3e2dc1d27efcd8ad99d550bda94d187d"
  dependencies:
    whatwg-url "^5.0.0"

object-assign@^4, object-assign@^4.1.1:
  version "4.1.1"
  resolved "https://registry.npmmirror.com/object-assign/-/object-assign-4.1.1.tgz"

object-inspect@^1.13.1:
  version "1.13.2"
  resolved "https://registry.npmmirror.com/object-inspect/-/object-inspect-1.13.2.tgz"

on-finished@2.4.1:
  version "2.4.1"
  resolved "https://registry.npmmirror.com/on-finished/-/on-finished-2.4.1.tgz"
  dependencies:
    ee-first "1.1.1"

on-finished@~2.3.0:
  version "2.3.0"
  resolved "https://registry.npmmirror.com/on-finished/-/on-finished-2.3.0.tgz#20f1336481b083cd75337992a16971aa2d906947"
  dependencies:
    ee-first "1.1.1"

on-headers@~1.0.2:
  version "1.0.2"
  resolved "https://registry.npmmirror.com/on-headers/-/on-headers-1.0.2.tgz#772b0ae6aaa525c399e489adfad90c403eb3c28f"

openai@^4.100.0:
  version "4.100.0"
  resolved "https://registry.npmmirror.com/openai/-/openai-4.100.0.tgz#eb630a97f3531b7c91906b3a42920f9873efa392"
  dependencies:
    "@types/node" "^18.11.18"
    "@types/node-fetch" "^2.6.4"
    abort-controller "^3.0.0"
    agentkeepalive "^4.2.1"
    form-data-encoder "1.7.2"
    formdata-node "^4.3.2"
    node-fetch "^2.6.7"

parseurl@~1.3.3:
  version "1.3.3"
  resolved "https://registry.npmmirror.com/parseurl/-/parseurl-1.3.3.tgz"

path-to-regexp@0.1.10:
  version "0.1.10"
  resolved "https://registry.npmmirror.com/path-to-regexp/-/path-to-regexp-0.1.10.tgz"

pg-cloudflare@^1.1.1:
  version "1.1.1"
  resolved "https://registry.npmmirror.com/pg-cloudflare/-/pg-cloudflare-1.1.1.tgz"

pg-connection-string@^2.6.1, pg-connection-string@^2.7.0:
  version "2.7.0"
  resolved "https://registry.npmmirror.com/pg-connection-string/-/pg-connection-string-2.7.0.tgz"

pg-int8@1.0.1:
  version "1.0.1"
  resolved "https://registry.npmmirror.com/pg-int8/-/pg-int8-1.0.1.tgz"

pg-pool@^3.7.0:
  version "3.7.0"
  resolved "https://registry.npmmirror.com/pg-pool/-/pg-pool-3.7.0.tgz"

pg-protocol@^1.7.0:
  version "1.7.0"
  resolved "https://registry.npmmirror.com/pg-protocol/-/pg-protocol-1.7.0.tgz"

pg-types@^2.1.0:
  version "2.2.0"
  resolved "https://registry.npmmirror.com/pg-types/-/pg-types-2.2.0.tgz"
  dependencies:
    pg-int8 "1.0.1"
    postgres-array "~2.0.0"
    postgres-bytea "~1.0.0"
    postgres-date "~1.0.4"
    postgres-interval "^1.1.0"

pg@^8.13.0:
  version "8.13.1"
  resolved "https://registry.npmmirror.com/pg/-/pg-8.13.1.tgz"
  dependencies:
    pg-connection-string "^2.7.0"
    pg-pool "^3.7.0"
    pg-protocol "^1.7.0"
    pg-types "^2.1.0"
    pgpass "1.x"
  optionalDependencies:
    pg-cloudflare "^1.1.1"

pgpass@1.x:
  version "1.0.5"
  resolved "https://registry.npmmirror.com/pgpass/-/pgpass-1.0.5.tgz"
  dependencies:
    split2 "^4.1.0"

postgres-array@~2.0.0:
  version "2.0.0"
  resolved "https://registry.npmmirror.com/postgres-array/-/postgres-array-2.0.0.tgz"

postgres-bytea@~1.0.0:
  version "1.0.0"
  resolved "https://registry.npmmirror.com/postgres-bytea/-/postgres-bytea-1.0.0.tgz"

postgres-date@~1.0.4:
  version "1.0.7"
  resolved "https://registry.npmmirror.com/postgres-date/-/postgres-date-1.0.7.tgz"

postgres-interval@^1.1.0:
  version "1.2.0"
  resolved "https://registry.npmmirror.com/postgres-interval/-/postgres-interval-1.2.0.tgz"
  dependencies:
    xtend "^4.0.0"

process-nextick-args@~2.0.0:
  version "2.0.1"
  resolved "https://registry.npmmirror.com/process-nextick-args/-/process-nextick-args-2.0.1.tgz#7820d9b16120cc55ca9ae7792680ae7dba6d7fe2"

proxy-addr@~2.0.7:
  version "2.0.7"
  resolved "https://registry.npmmirror.com/proxy-addr/-/proxy-addr-2.0.7.tgz"
  dependencies:
    forwarded "0.2.0"
    ipaddr.js "1.9.1"

punycode@^2.3.1:
  version "2.3.1"
  resolved "https://registry.npmmirror.com/punycode/-/punycode-2.3.1.tgz#027422e2faec0b25e1549c3e1bd8309b9133b6e5"

qs@6.13.0:
  version "6.13.0"
  resolved "https://registry.npmmirror.com/qs/-/qs-6.13.0.tgz"
  dependencies:
    side-channel "^1.0.6"

range-parser@~1.2.1:
  version "1.2.1"
  resolved "https://registry.npmmirror.com/range-parser/-/range-parser-1.2.1.tgz"

raw-body@2.5.2:
  version "2.5.2"
  resolved "https://registry.npmmirror.com/raw-body/-/raw-body-2.5.2.tgz"
  dependencies:
    bytes "3.1.2"
    http-errors "2.0.0"
    iconv-lite "0.4.24"
    unpipe "1.0.0"

readable-stream@^2.2.2:
  version "2.3.8"
  resolved "https://registry.npmmirror.com/readable-stream/-/readable-stream-2.3.8.tgz#91125e8042bba1b9887f49345f6277027ce8be9b"
  dependencies:
    core-util-is "~1.0.0"
    inherits "~2.0.3"
    isarray "~1.0.0"
    process-nextick-args "~2.0.0"
    safe-buffer "~5.1.1"
    string_decoder "~1.1.1"
    util-deprecate "~1.0.1"

retry-as-promised@^7.0.4:
  version "7.0.4"
  resolved "https://registry.npmmirror.com/retry-as-promised/-/retry-as-promised-7.0.4.tgz"

safe-buffer@5.1.2, safe-buffer@~5.1.0, safe-buffer@~5.1.1:
  version "5.1.2"
  resolved "https://registry.npmmirror.com/safe-buffer/-/safe-buffer-5.1.2.tgz#991ec69d296e0313747d59bdfd2b745c35f8828d"

safe-buffer@5.2.1, safe-buffer@^5.0.1:
  version "5.2.1"
  resolved "https://registry.npmmirror.com/safe-buffer/-/safe-buffer-5.2.1.tgz"

"safer-buffer@>= 2.1.2 < 3":
  version "2.1.2"
  resolved "https://registry.npmmirror.com/safer-buffer/-/safer-buffer-2.1.2.tgz"

semver@^7.5.4:
  version "7.6.3"
  resolved "https://registry.npmmirror.com/semver/-/semver-7.6.3.tgz"

send@0.19.0:
  version "0.19.0"
  resolved "https://registry.npmmirror.com/send/-/send-0.19.0.tgz"
  dependencies:
    debug "2.6.9"
    depd "2.0.0"
    destroy "1.2.0"
    encodeurl "~1.0.2"
    escape-html "~1.0.3"
    etag "~1.8.1"
    fresh "0.5.2"
    http-errors "2.0.0"
    mime "1.6.0"
    ms "2.1.3"
    on-finished "2.4.1"
    range-parser "~1.2.1"
    statuses "2.0.1"

sequelize-pool@^7.1.0:
  version "7.1.0"
  resolved "https://registry.npmmirror.com/sequelize-pool/-/sequelize-pool-7.1.0.tgz"

sequelize@^6.37.4:
  version "6.37.5"
  resolved "https://registry.npmmirror.com/sequelize/-/sequelize-6.37.5.tgz"
  dependencies:
    "@types/debug" "^4.1.8"
    "@types/validator" "^13.7.17"
    debug "^4.3.4"
    dottie "^2.0.6"
    inflection "^1.13.4"
    lodash "^4.17.21"
    moment "^2.29.4"
    moment-timezone "^0.5.43"
    pg-connection-string "^2.6.1"
    retry-as-promised "^7.0.4"
    semver "^7.5.4"
    sequelize-pool "^7.1.0"
    toposort-class "^1.0.1"
    uuid "^8.3.2"
    validator "^13.9.0"
    wkx "^0.5.0"

serve-static@1.16.2:
  version "1.16.2"
  resolved "https://registry.npmmirror.com/serve-static/-/serve-static-1.16.2.tgz"
  dependencies:
    encodeurl "~2.0.0"
    escape-html "~1.0.3"
    parseurl "~1.3.3"
    send "0.19.0"

set-function-length@^1.2.1:
  version "1.2.2"
  resolved "https://registry.npmmirror.com/set-function-length/-/set-function-length-1.2.2.tgz"
  dependencies:
    define-data-property "^1.1.4"
    es-errors "^1.3.0"
    function-bind "^1.1.2"
    get-intrinsic "^1.2.4"
    gopd "^1.0.1"
    has-property-descriptors "^1.0.2"

setprototypeof@1.2.0:
  version "1.2.0"
  resolved "https://registry.npmmirror.com/setprototypeof/-/setprototypeof-1.2.0.tgz"

side-channel@^1.0.6:
  version "1.0.6"
  resolved "https://registry.npmmirror.com/side-channel/-/side-channel-1.0.6.tgz"
  dependencies:
    call-bind "^1.0.7"
    es-errors "^1.3.0"
    get-intrinsic "^1.2.4"
    object-inspect "^1.13.1"

sift@17.1.3:
  version "17.1.3"
  resolved "https://registry.npmmirror.com/sift/-/sift-17.1.3.tgz#9d2000d4d41586880b0079b5183d839c7a142bf7"

sparse-bitfield@^3.0.3:
  version "3.0.3"
  resolved "https://registry.npmmirror.com/sparse-bitfield/-/sparse-bitfield-3.0.3.tgz#ff4ae6e68656056ba4b3e792ab3334d38273ca11"
  dependencies:
    memory-pager "^1.0.2"

split2@^4.1.0:
  version "4.2.0"
  resolved "https://registry.npmmirror.com/split2/-/split2-4.2.0.tgz"

statuses@2.0.1:
  version "2.0.1"
  resolved "https://registry.npmmirror.com/statuses/-/statuses-2.0.1.tgz"

streamsearch@^1.1.0:
  version "1.1.0"
  resolved "https://registry.npmmirror.com/streamsearch/-/streamsearch-1.1.0.tgz#404dd1e2247ca94af554e841a8ef0eaa238da764"

string_decoder@~1.1.1:
  version "1.1.1"
  resolved "https://registry.npmmirror.com/string_decoder/-/string_decoder-1.1.1.tgz#9cf1611ba62685d7030ae9e4ba34149c3af03fc8"
  dependencies:
    safe-buffer "~5.1.0"

toidentifier@1.0.1:
  version "1.0.1"
  resolved "https://registry.npmmirror.com/toidentifier/-/toidentifier-1.0.1.tgz"

toposort-class@^1.0.1:
  version "1.0.1"
  resolved "https://registry.npmmirror.com/toposort-class/-/toposort-class-1.0.1.tgz"

tr46@^5.1.0:
  version "5.1.1"
  resolved "https://registry.npmmirror.com/tr46/-/tr46-5.1.1.tgz#96ae867cddb8fdb64a49cc3059a8d428bcf238ca"
  dependencies:
    punycode "^2.3.1"

tr46@~0.0.3:
  version "0.0.3"
  resolved "https://registry.npmmirror.com/tr46/-/tr46-0.0.3.tgz#8184fd347dac9cdc185992f3a6622e14b9d9ab6a"

type-is@^1.6.4, type-is@~1.6.18:
  version "1.6.18"
  resolved "https://registry.npmmirror.com/type-is/-/type-is-1.6.18.tgz"
  dependencies:
    media-typer "0.3.0"
    mime-types "~2.1.24"

typedarray@^0.0.6:
  version "0.0.6"
  resolved "https://registry.npmmirror.com/typedarray/-/typedarray-0.0.6.tgz#867ac74e3864187b1d3d47d996a78ec5c8830777"

undici-types@~5.26.4:
  version "5.26.5"
  resolved "https://registry.npmmirror.com/undici-types/-/undici-types-5.26.5.tgz#bcd539893d00b56e964fd2657a4866b221a65617"

undici-types@~6.19.8:
  version "6.19.8"
  resolved "https://registry.npmmirror.com/undici-types/-/undici-types-6.19.8.tgz"

unpipe@1.0.0, unpipe@~1.0.0:
  version "1.0.0"
  resolved "https://registry.npmmirror.com/unpipe/-/unpipe-1.0.0.tgz"

util-deprecate@~1.0.1:
  version "1.0.2"
  resolved "https://registry.npmmirror.com/util-deprecate/-/util-deprecate-1.0.2.tgz#450d4dc9fa70de732762fbd2d4a28981419a0ccf"

utils-merge@1.0.1:
  version "1.0.1"
  resolved "https://registry.npmmirror.com/utils-merge/-/utils-merge-1.0.1.tgz"

uuid@^11.0.3:
  version "11.0.3"
  resolved "https://registry.npmmirror.com/uuid/-/uuid-11.0.3.tgz"

uuid@^8.3.2:
  version "8.3.2"
  resolved "https://registry.npmmirror.com/uuid/-/uuid-8.3.2.tgz"

uuid@^9.0.1:
  version "9.0.1"
  resolved "https://registry.npmmirror.com/uuid/-/uuid-9.0.1.tgz#e188d4c8853cc722220392c424cd637f32293f30"

validator@^13.9.0:
  version "13.12.0"
  resolved "https://registry.npmmirror.com/validator/-/validator-13.12.0.tgz"

vary@^1, vary@~1.1.2:
  version "1.1.2"
  resolved "https://registry.npmmirror.com/vary/-/vary-1.1.2.tgz"

web-streams-polyfill@4.0.0-beta.3:
  version "4.0.0-beta.3"
  resolved "https://registry.npmmirror.com/web-streams-polyfill/-/web-streams-polyfill-4.0.0-beta.3.tgz#2898486b74f5156095e473efe989dcf185047a38"

webidl-conversions@^3.0.0:
  version "3.0.1"
  resolved "https://registry.npmmirror.com/webidl-conversions/-/webidl-conversions-3.0.1.tgz#24534275e2a7bc6be7bc86611cc16ae0a5654871"

webidl-conversions@^7.0.0:
  version "7.0.0"
  resolved "https://registry.npmmirror.com/webidl-conversions/-/webidl-conversions-7.0.0.tgz#256b4e1882be7debbf01d05f0aa2039778ea080a"

"whatwg-url@^14.1.0 || ^13.0.0":
  version "14.2.0"
  resolved "https://registry.npmmirror.com/whatwg-url/-/whatwg-url-14.2.0.tgz#4ee02d5d725155dae004f6ae95c73e7ef5d95663"
  dependencies:
    tr46 "^5.1.0"
    webidl-conversions "^7.0.0"

whatwg-url@^5.0.0:
  version "5.0.0"
  resolved "https://registry.npmmirror.com/whatwg-url/-/whatwg-url-5.0.0.tgz#966454e8765462e37644d3626f6742ce8b70965d"
  dependencies:
    tr46 "~0.0.3"
    webidl-conversions "^3.0.0"

wkx@^0.5.0:
  version "0.5.0"
  resolved "https://registry.npmmirror.com/wkx/-/wkx-0.5.0.tgz"
  dependencies:
    "@types/node" "*"

ws@^8.18.0:
  version "8.18.2"
  resolved "https://registry.npmmirror.com/ws/-/ws-8.18.2.tgz#42738b2be57ced85f46154320aabb51ab003705a"

xtend@^4.0.0:
  version "4.0.2"
  resolved "https://registry.npmmirror.com/xtend/-/xtend-4.0.2.tgz"

zod-to-json-schema@^3.22.4:
  version "3.24.5"
  resolved "https://registry.npmmirror.com/zod-to-json-schema/-/zod-to-json-schema-3.24.5.tgz#d1095440b147fb7c2093812a53c54df8d5df50a3"

zod@^3.22.4:
  version "3.25.50"
  resolved "https://registry.npmmirror.com/zod/-/zod-3.25.50.tgz#9de9ca02ae702fd37ed87b28f8f17099f2402aa9"
